// !$*UTF8*$!
{
	archiveVersion = 1;
	classes = {
	};
	objectVersion = 56;
	objects = {

/* Begin PBXBuildFile section */
		528FAAA720C6FBF8ED7808B9 /* Pods_MEDHealth.framework in Frameworks */ = {isa = PBXBuildFile; fileRef = C2BFBDBDC616430B9366C65F /* Pods_MEDHealth.framework */; };
		8C1F61A829E7A3EE007DE82B /* AddMedicationTakingViewController.swift in Sources */ = {isa = PBXBuildFile; fileRef = 8C1F61A729E7A3EE007DE82B /* AddMedicationTakingViewController.swift */; };
		8C1F61AD29E7B086007DE82B /* AddMedicationTakingViewModel.swift in Sources */ = {isa = PBXBuildFile; fileRef = 8C1F61AC29E7B086007DE82B /* AddMedicationTakingViewModel.swift */; };
		8C1F61B229E83DC4007DE82B /* DateManager.swift in Sources */ = {isa = PBXBuildFile; fileRef = 8C1F61B129E83DC4007DE82B /* DateManager.swift */; };
		8C1F61B629E87192007DE82B /* NoDataContainerView.swift in Sources */ = {isa = PBXBuildFile; fileRef = 8C1F61B529E87192007DE82B /* NoDataContainerView.swift */; };
		8C3118D029D866AF00C53B46 /* SignUpViewController.swift in Sources */ = {isa = PBXBuildFile; fileRef = 8C3118CF29D866AF00C53B46 /* SignUpViewController.swift */; };
		8C3118D329D87E1D00C53B46 /* ResetPasswordViewController.swift in Sources */ = {isa = PBXBuildFile; fileRef = 8C3118D229D87E1D00C53B46 /* ResetPasswordViewController.swift */; };
		8C32E37229DF57C20047A6BB /* TestResultDetailedVC.swift in Sources */ = {isa = PBXBuildFile; fileRef = 8C32E37129DF57C20047A6BB /* TestResultDetailedVC.swift */; };
		8C32E37E29DF6F580047A6BB /* SocialMediaLinksTableViewCell.swift in Sources */ = {isa = PBXBuildFile; fileRef = 8C32E37C29DF6F580047A6BB /* SocialMediaLinksTableViewCell.swift */; };
		8C32E37F29DF6F590047A6BB /* SocialMediaLinksTableViewCell.xib in Resources */ = {isa = PBXBuildFile; fileRef = 8C32E37D29DF6F580047A6BB /* SocialMediaLinksTableViewCell.xib */; };
		8C32E38229DF73C80047A6BB /* SocialMediaLinksViewModel.swift in Sources */ = {isa = PBXBuildFile; fileRef = 8C32E38129DF73C80047A6BB /* SocialMediaLinksViewModel.swift */; };
		8C32E38729DF7A680047A6BB /* InfoViewModel.swift in Sources */ = {isa = PBXBuildFile; fileRef = 8C32E38629DF7A680047A6BB /* InfoViewModel.swift */; };
		8C32E38D29DF84830047A6BB /* SafariOpener.swift in Sources */ = {isa = PBXBuildFile; fileRef = 8C32E38C29DF84830047A6BB /* SafariOpener.swift */; };
		8C32E38F29DF85D70047A6BB /* InfoCellModel.swift in Sources */ = {isa = PBXBuildFile; fileRef = 8C32E38E29DF85D70047A6BB /* InfoCellModel.swift */; };
		8C32E39529DF922D0047A6BB /* AboutAppViewController.swift in Sources */ = {isa = PBXBuildFile; fileRef = 8C32E39429DF922D0047A6BB /* AboutAppViewController.swift */; };
		8C32E3D729E04B1F0047A6BB /* PharmaciesList.swift in Sources */ = {isa = PBXBuildFile; fileRef = 8C32E3D629E04B1F0047A6BB /* PharmaciesList.swift */; };
		8C32E3EC29E053800047A6BB /* PharmacyListViewModel.swift in Sources */ = {isa = PBXBuildFile; fileRef = 8C32E3EB29E053800047A6BB /* PharmacyListViewModel.swift */; };
		8C32E3F329E1EC600047A6BB /* SettingsViewModel.swift in Sources */ = {isa = PBXBuildFile; fileRef = 8C32E3F229E1EC600047A6BB /* SettingsViewModel.swift */; };
		8C32E3F729E230620047A6BB /* SignInViewModel.swift in Sources */ = {isa = PBXBuildFile; fileRef = 8C32E3F629E230620047A6BB /* SignInViewModel.swift */; };
		8C32E3FD29E2437B0047A6BB /* FirebaseDatabaseManager.swift in Sources */ = {isa = PBXBuildFile; fileRef = 8C32E3FC29E2437B0047A6BB /* FirebaseDatabaseManager.swift */; };
		8C32E40129E2473A0047A6BB /* ResetPasswordViewModel.swift in Sources */ = {isa = PBXBuildFile; fileRef = 8C32E40029E2473A0047A6BB /* ResetPasswordViewModel.swift */; };
		8C32E40529E24DC90047A6BB /* SignUpViewModel.swift in Sources */ = {isa = PBXBuildFile; fileRef = 8C32E40429E24DC90047A6BB /* SignUpViewModel.swift */; };
		8C32E42A29E482260047A6BB /* UIViewController+GoToMainVC.swift in Sources */ = {isa = PBXBuildFile; fileRef = 8C32E42929E482260047A6BB /* UIViewController+GoToMainVC.swift */; };
		8C32E43029E49EE50047A6BB /* SettingsModel.swift in Sources */ = {isa = PBXBuildFile; fileRef = 8C32E42F29E49EE50047A6BB /* SettingsModel.swift */; };
		8C5B49C929D0F63600915A6C /* AppDelegate.swift in Sources */ = {isa = PBXBuildFile; fileRef = 8C5B49C829D0F63600915A6C /* AppDelegate.swift */; };
		8C5B49CB29D0F63600915A6C /* SceneDelegate.swift in Sources */ = {isa = PBXBuildFile; fileRef = 8C5B49CA29D0F63600915A6C /* SceneDelegate.swift */; };
		8C5B49CD29D0F63600915A6C /* SignInViewController.swift in Sources */ = {isa = PBXBuildFile; fileRef = 8C5B49CC29D0F63600915A6C /* SignInViewController.swift */; };
		8C5B49D029D0F63600915A6C /* Main.storyboard in Resources */ = {isa = PBXBuildFile; fileRef = 8C5B49CE29D0F63600915A6C /* Main.storyboard */; };
		8C5B49D229D0F63800915A6C /* Assets.xcassets in Resources */ = {isa = PBXBuildFile; fileRef = 8C5B49D129D0F63800915A6C /* Assets.xcassets */; };
		8C5B49D529D0F63800915A6C /* LaunchScreen.storyboard in Resources */ = {isa = PBXBuildFile; fileRef = 8C5B49D329D0F63800915A6C /* LaunchScreen.storyboard */; };
		8C5B49E029D1099600915A6C /* Raleway-Italic-VariableFont_wght.ttf in Resources */ = {isa = PBXBuildFile; fileRef = 8C5B49DE29D1099600915A6C /* Raleway-Italic-VariableFont_wght.ttf */; };
		8C5B49E129D1099600915A6C /* Raleway-VariableFont_wght.ttf in Resources */ = {isa = PBXBuildFile; fileRef = 8C5B49DF29D1099600915A6C /* Raleway-VariableFont_wght.ttf */; };
		8C87BBCB29D48534008A742D /* UIView+Extensions.swift in Sources */ = {isa = PBXBuildFile; fileRef = 8C87BBCA29D48534008A742D /* UIView+Extensions.swift */; };
		8C87BBCD29D485CB008A742D /* UIButton+Extensions.swift in Sources */ = {isa = PBXBuildFile; fileRef = 8C87BBCC29D485CB008A742D /* UIButton+Extensions.swift */; };
		8C87BBCF29D49046008A742D /* UIViewController+InstantiateMethod.swift in Sources */ = {isa = PBXBuildFile; fileRef = 8C87BBCE29D49046008A742D /* UIViewController+InstantiateMethod.swift */; };
		8C87BBD829D4978E008A742D /* NoInternetConnectionViewController.swift in Sources */ = {isa = PBXBuildFile; fileRef = 8C87BBD729D4978E008A742D /* NoInternetConnectionViewController.swift */; };
		8C87BBE329D4D01E008A742D /* NetworkManager.swift in Sources */ = {isa = PBXBuildFile; fileRef = 8C87BBE229D4D01E008A742D /* NetworkManager.swift */; };
		8C87BBE729D4D096008A742D /* NetworkStatusViewModel.swift in Sources */ = {isa = PBXBuildFile; fileRef = 8C87BBE629D4D096008A742D /* NetworkStatusViewModel.swift */; };
		8C87BBEA29D4DA12008A742D /* NoInternetConnectionViewModel.swift in Sources */ = {isa = PBXBuildFile; fileRef = 8C87BBE929D4DA12008A742D /* NoInternetConnectionViewModel.swift */; };
		8C87BBED29D4EF8B008A742D /* UserDefaultsManager.swift in Sources */ = {isa = PBXBuildFile; fileRef = 8C87BBEC29D4EF8B008A742D /* UserDefaultsManager.swift */; };
		8C87BBEF29D4F4E4008A742D /* UITextField+Extensions.swift in Sources */ = {isa = PBXBuildFile; fileRef = 8C87BBEE29D4F4E4008A742D /* UITextField+Extensions.swift */; };
		8C87BBF129D51AB3008A742D /* UIViewController+NetworkStatusAware.swift in Sources */ = {isa = PBXBuildFile; fileRef = 8C87BBF029D51AB3008A742D /* UIViewController+NetworkStatusAware.swift */; };
		8C87BBF729D5229A008A742D /* OnboardingViewController.swift in Sources */ = {isa = PBXBuildFile; fileRef = 8C87BBF629D5229A008A742D /* OnboardingViewController.swift */; };
		8C87BBFF29D774E4008A742D /* OnboardingSlide.swift in Sources */ = {isa = PBXBuildFile; fileRef = 8C87BBFE29D774E4008A742D /* OnboardingSlide.swift */; };
		8C87BC0229D777D9008A742D /* OnboardingCollectionViewCell.swift in Sources */ = {isa = PBXBuildFile; fileRef = 8C87BC0129D777D9008A742D /* OnboardingCollectionViewCell.swift */; };
		8C87BC0429D77BBD008A742D /* OnboardingCollectionViewCell.xib in Resources */ = {isa = PBXBuildFile; fileRef = 8C87BC0329D77BBD008A742D /* OnboardingCollectionViewCell.xib */; };
		8C87BC0729D78EB0008A742D /* OnboardingViewModel.swift in Sources */ = {isa = PBXBuildFile; fileRef = 8C87BC0629D78EB0008A742D /* OnboardingViewModel.swift */; };
		8C8A16E329E4BD8900ED7FDC /* FirebaseStorageManager.swift in Sources */ = {isa = PBXBuildFile; fileRef = 8C8A16E229E4BD8900ED7FDC /* FirebaseStorageManager.swift */; };
		8C8A16E629E4CA3B00ED7FDC /* UserDataKeys.swift in Sources */ = {isa = PBXBuildFile; fileRef = 8C8A16E529E4CA3B00ED7FDC /* UserDataKeys.swift */; };
		8C8A16EF29E4D78300ED7FDC /* ProfilePageViewController.swift in Sources */ = {isa = PBXBuildFile; fileRef = 8C8A16EE29E4D78300ED7FDC /* ProfilePageViewController.swift */; };
		8C8A16F129E4D79900ED7FDC /* ProfilePageViewModel.swift in Sources */ = {isa = PBXBuildFile; fileRef = 8C8A16F029E4D79900ED7FDC /* ProfilePageViewModel.swift */; };
		8C8A16F529E5CC6600ED7FDC /* LocalizationSettingViewController.swift in Sources */ = {isa = PBXBuildFile; fileRef = 8C8A16F429E5CC6600ED7FDC /* LocalizationSettingViewController.swift */; };
		8CB37BC829E61810002DAB59 /* LocalizationPageViewModel.swift in Sources */ = {isa = PBXBuildFile; fileRef = 8CB37BC729E61810002DAB59 /* LocalizationPageViewModel.swift */; };
		8CB37BCB29E61898002DAB59 /* LocalizationOptions.swift in Sources */ = {isa = PBXBuildFile; fileRef = 8CB37BCA29E61898002DAB59 /* LocalizationOptions.swift */; };
		8CB37BD129E628BB002DAB59 /* String + Localized.swift in Sources */ = {isa = PBXBuildFile; fileRef = 8CB37BD029E628BB002DAB59 /* String + Localized.swift */; };
		8CB37BD429E6296D002DAB59 /* Localizable.strings in Resources */ = {isa = PBXBuildFile; fileRef = 8CB37BD629E6296D002DAB59 /* Localizable.strings */; };
		8CC8D6D829DA449100DD1E1D /* AuthManager.swift in Sources */ = {isa = PBXBuildFile; fileRef = 8CC8D6D729DA449100DD1E1D /* AuthManager.swift */; };
		8CC8D6DA29DA4A0C00DD1E1D /* GoogleService-Info.plist in Resources */ = {isa = PBXBuildFile; fileRef = 8CC8D6D929DA4A0C00DD1E1D /* GoogleService-Info.plist */; };
		8CDC6C4B29DE081C006493F4 /* FeatureCollectionViewCell.swift in Sources */ = {isa = PBXBuildFile; fileRef = 8CDC6C4929DE081C006493F4 /* FeatureCollectionViewCell.swift */; };
		8CDC6C4C29DE081C006493F4 /* FeatureCollectionViewCell.xib in Resources */ = {isa = PBXBuildFile; fileRef = 8CDC6C4A29DE081C006493F4 /* FeatureCollectionViewCell.xib */; };
		8CDC6C5529DE0D43006493F4 /* Feature.swift in Sources */ = {isa = PBXBuildFile; fileRef = 8CDC6C5429DE0D43006493F4 /* Feature.swift */; };
		8CDC6C5729DE0EAD006493F4 /* MainPageViewModel.swift in Sources */ = {isa = PBXBuildFile; fileRef = 8CDC6C5629DE0EAD006493F4 /* MainPageViewModel.swift */; };
		8CDC6C5F29DE1F63006493F4 /* MedicationTakingViewController.swift in Sources */ = {isa = PBXBuildFile; fileRef = 8CDC6C5E29DE1F63006493F4 /* MedicationTakingViewController.swift */; };
		8CDC6C6129DE1F87006493F4 /* MedicalHistoryViewController.swift in Sources */ = {isa = PBXBuildFile; fileRef = 8CDC6C6029DE1F87006493F4 /* MedicalHistoryViewController.swift */; };
		8CDC6C6329DE1F9E006493F4 /* TestResultsViewController.swift in Sources */ = {isa = PBXBuildFile; fileRef = 8CDC6C6229DE1F9E006493F4 /* TestResultsViewController.swift */; };
		8CDC6C6529DE1FB5006493F4 /* PharmacyListViewController.swift in Sources */ = {isa = PBXBuildFile; fileRef = 8CDC6C6429DE1FB5006493F4 /* PharmacyListViewController.swift */; };
		8CDC6C6729DE2958006493F4 /* UIViewController+KeyboardHandling.swift in Sources */ = {isa = PBXBuildFile; fileRef = 8CDC6C6629DE2958006493F4 /* UIViewController+KeyboardHandling.swift */; };
		8CDC6C6929DE29DA006493F4 /* UIViewController+OTPTextFieldHandling.swift in Sources */ = {isa = PBXBuildFile; fileRef = 8CDC6C6829DE29DA006493F4 /* UIViewController+OTPTextFieldHandling.swift */; };
		8CDC6C6C29DE2A65006493F4 /* UIViewController+showWarningAlertMethod.swift in Sources */ = {isa = PBXBuildFile; fileRef = 8CDC6C6B29DE2A65006493F4 /* UIViewController+showWarningAlertMethod.swift */; };
		8CDC6C7129DE2C01006493F4 /* UIViewController+TextFieldsHandling.swift in Sources */ = {isa = PBXBuildFile; fileRef = 8CDC6C7029DE2C01006493F4 /* UIViewController+TextFieldsHandling.swift */; };
		8CDC6C7329DE2C7D006493F4 /* UITextField+Toolbar.swift in Sources */ = {isa = PBXBuildFile; fileRef = 8CDC6C7229DE2C7D006493F4 /* UITextField+Toolbar.swift */; };
		8CDC6C8129DE32A0006493F4 /* MedicalHistoryModel.swift in Sources */ = {isa = PBXBuildFile; fileRef = 8CDC6C8029DE32A0006493F4 /* MedicalHistoryModel.swift */; };
		8CDC6C8329DE32EC006493F4 /* MedicalHistoryViewModel.swift in Sources */ = {isa = PBXBuildFile; fileRef = 8CDC6C8229DE32EC006493F4 /* MedicalHistoryViewModel.swift */; };
		8CDC6C8529DE3306006493F4 /* MedicationTakingModel.swift in Sources */ = {isa = PBXBuildFile; fileRef = 8CDC6C8429DE3306006493F4 /* MedicationTakingModel.swift */; };
		8CDC6C8729DE3325006493F4 /* MedicationTakingViewModel.swift in Sources */ = {isa = PBXBuildFile; fileRef = 8CDC6C8629DE3325006493F4 /* MedicationTakingViewModel.swift */; };
		8CDC6C8B29DE3A10006493F4 /* TestResultModel.swift in Sources */ = {isa = PBXBuildFile; fileRef = 8CDC6C8A29DE3A10006493F4 /* TestResultModel.swift */; };
		8CDC6C8D29DE3A19006493F4 /* TestResultsViewModel.swift in Sources */ = {isa = PBXBuildFile; fileRef = 8CDC6C8C29DE3A19006493F4 /* TestResultsViewModel.swift */; };
		8CDC6CB729DF50DC006493F4 /* TestResultCollectionViewCell.swift in Sources */ = {isa = PBXBuildFile; fileRef = 8CDC6CB529DF50DC006493F4 /* TestResultCollectionViewCell.swift */; };
		8CDC6CB829DF50DC006493F4 /* TestResultCollectionViewCell.xib in Resources */ = {isa = PBXBuildFile; fileRef = 8CDC6CB629DF50DC006493F4 /* TestResultCollectionViewCell.xib */; };
		8CE7E4DD29E8947A004A8312 /* MedicationTakingCell.swift in Sources */ = {isa = PBXBuildFile; fileRef = 8CE7E4DB29E8947A004A8312 /* MedicationTakingCell.swift */; };
		8CE7E4DE29E8947A004A8312 /* MedicationTakingCell.xib in Resources */ = {isa = PBXBuildFile; fileRef = 8CE7E4DC29E8947A004A8312 /* MedicationTakingCell.xib */; };
		8CE7E4E329E8C877004A8312 /* MedicationTakingDetailedViewController.swift in Sources */ = {isa = PBXBuildFile; fileRef = 8CE7E4E229E8C877004A8312 /* MedicationTakingDetailedViewController.swift */; };
		8CE7E4E829E9385F004A8312 /* AddMedicalHistoryNoteViewController.swift in Sources */ = {isa = PBXBuildFile; fileRef = 8CE7E4E729E9385F004A8312 /* AddMedicalHistoryNoteViewController.swift */; };
		8CE7E4EC29E93893004A8312 /* AddMedicalHistoryViewModel.swift in Sources */ = {isa = PBXBuildFile; fileRef = 8CE7E4EB29E93893004A8312 /* AddMedicalHistoryViewModel.swift */; };
		8CE7E4EF29E938C3004A8312 /* MedicalHistoryDetailedViewController.swift in Sources */ = {isa = PBXBuildFile; fileRef = 8CE7E4EE29E938C3004A8312 /* MedicalHistoryDetailedViewController.swift */; };
		8CE7E4F429E93920004A8312 /* MedicalHistoryCollectionViewCell.swift in Sources */ = {isa = PBXBuildFile; fileRef = 8CE7E4F229E93920004A8312 /* MedicalHistoryCollectionViewCell.swift */; };
		8CE7E4F529E93920004A8312 /* MedicalHistoryCollectionViewCell.xib in Resources */ = {isa = PBXBuildFile; fileRef = 8CE7E4F329E93920004A8312 /* MedicalHistoryCollectionViewCell.xib */; };
		8CEE873D29D8A90100275CCE /* MainTabBarController.swift in Sources */ = {isa = PBXBuildFile; fileRef = 8CEE873C29D8A90100275CCE /* MainTabBarController.swift */; };
		8CEE874329D8A93A00275CCE /* SettingsViewController.swift in Sources */ = {isa = PBXBuildFile; fileRef = 8CEE874229D8A93A00275CCE /* SettingsViewController.swift */; };
		8CEE874529D8A96100275CCE /* InfoViewController.swift in Sources */ = {isa = PBXBuildFile; fileRef = 8CEE874429D8A96100275CCE /* InfoViewController.swift */; };
		8CEE874929D8A98800275CCE /* MainPageViewController.swift in Sources */ = {isa = PBXBuildFile; fileRef = 8CEE874829D8A98800275CCE /* MainPageViewController.swift */; };
/* End PBXBuildFile section */

/* Begin PBXFileReference section */
		499707BF9C1392B38F493554 /* Pods-MEDHealth.debug.xcconfig */ = {isa = PBXFileReference; includeInIndex = 1; lastKnownFileType = text.xcconfig; name = "Pods-MEDHealth.debug.xcconfig"; path = "Target Support Files/Pods-MEDHealth/Pods-MEDHealth.debug.xcconfig"; sourceTree = "<group>"; };
		8C1F61A729E7A3EE007DE82B /* AddMedicationTakingViewController.swift */ = {isa = PBXFileReference; lastKnownFileType = sourcecode.swift; path = AddMedicationTakingViewController.swift; sourceTree = "<group>"; };
		8C1F61AC29E7B086007DE82B /* AddMedicationTakingViewModel.swift */ = {isa = PBXFileReference; lastKnownFileType = sourcecode.swift; path = AddMedicationTakingViewModel.swift; sourceTree = "<group>"; };
		8C1F61B129E83DC4007DE82B /* DateManager.swift */ = {isa = PBXFileReference; lastKnownFileType = sourcecode.swift; path = DateManager.swift; sourceTree = "<group>"; };
		8C1F61B529E87192007DE82B /* NoDataContainerView.swift */ = {isa = PBXFileReference; lastKnownFileType = sourcecode.swift; path = NoDataContainerView.swift; sourceTree = "<group>"; };
		8C3118CF29D866AF00C53B46 /* SignUpViewController.swift */ = {isa = PBXFileReference; lastKnownFileType = sourcecode.swift; path = SignUpViewController.swift; sourceTree = "<group>"; };
		8C3118D229D87E1D00C53B46 /* ResetPasswordViewController.swift */ = {isa = PBXFileReference; lastKnownFileType = sourcecode.swift; path = ResetPasswordViewController.swift; sourceTree = "<group>"; };
		8C32E37129DF57C20047A6BB /* TestResultDetailedVC.swift */ = {isa = PBXFileReference; lastKnownFileType = sourcecode.swift; path = TestResultDetailedVC.swift; sourceTree = "<group>"; };
		8C32E37C29DF6F580047A6BB /* SocialMediaLinksTableViewCell.swift */ = {isa = PBXFileReference; lastKnownFileType = sourcecode.swift; path = SocialMediaLinksTableViewCell.swift; sourceTree = "<group>"; };
		8C32E37D29DF6F580047A6BB /* SocialMediaLinksTableViewCell.xib */ = {isa = PBXFileReference; lastKnownFileType = file.xib; path = SocialMediaLinksTableViewCell.xib; sourceTree = "<group>"; };
		8C32E38129DF73C80047A6BB /* SocialMediaLinksViewModel.swift */ = {isa = PBXFileReference; lastKnownFileType = sourcecode.swift; path = SocialMediaLinksViewModel.swift; sourceTree = "<group>"; };
		8C32E38629DF7A680047A6BB /* InfoViewModel.swift */ = {isa = PBXFileReference; lastKnownFileType = sourcecode.swift; path = InfoViewModel.swift; sourceTree = "<group>"; };
		8C32E38C29DF84830047A6BB /* SafariOpener.swift */ = {isa = PBXFileReference; lastKnownFileType = sourcecode.swift; path = SafariOpener.swift; sourceTree = "<group>"; };
		8C32E38E29DF85D70047A6BB /* InfoCellModel.swift */ = {isa = PBXFileReference; lastKnownFileType = sourcecode.swift; path = InfoCellModel.swift; sourceTree = "<group>"; };
		8C32E39429DF922D0047A6BB /* AboutAppViewController.swift */ = {isa = PBXFileReference; lastKnownFileType = sourcecode.swift; path = AboutAppViewController.swift; sourceTree = "<group>"; };
		8C32E3D629E04B1F0047A6BB /* PharmaciesList.swift */ = {isa = PBXFileReference; lastKnownFileType = sourcecode.swift; path = PharmaciesList.swift; sourceTree = "<group>"; };
		8C32E3EB29E053800047A6BB /* PharmacyListViewModel.swift */ = {isa = PBXFileReference; lastKnownFileType = sourcecode.swift; path = PharmacyListViewModel.swift; sourceTree = "<group>"; };
		8C32E3F229E1EC600047A6BB /* SettingsViewModel.swift */ = {isa = PBXFileReference; lastKnownFileType = sourcecode.swift; path = SettingsViewModel.swift; sourceTree = "<group>"; };
		8C32E3F629E230620047A6BB /* SignInViewModel.swift */ = {isa = PBXFileReference; lastKnownFileType = sourcecode.swift; path = SignInViewModel.swift; sourceTree = "<group>"; };
		8C32E3FC29E2437B0047A6BB /* FirebaseDatabaseManager.swift */ = {isa = PBXFileReference; lastKnownFileType = sourcecode.swift; path = FirebaseDatabaseManager.swift; sourceTree = "<group>"; };
		8C32E40029E2473A0047A6BB /* ResetPasswordViewModel.swift */ = {isa = PBXFileReference; lastKnownFileType = sourcecode.swift; path = ResetPasswordViewModel.swift; sourceTree = "<group>"; };
		8C32E40429E24DC90047A6BB /* SignUpViewModel.swift */ = {isa = PBXFileReference; lastKnownFileType = sourcecode.swift; path = SignUpViewModel.swift; sourceTree = "<group>"; };
		8C32E42929E482260047A6BB /* UIViewController+GoToMainVC.swift */ = {isa = PBXFileReference; lastKnownFileType = sourcecode.swift; path = "UIViewController+GoToMainVC.swift"; sourceTree = "<group>"; };
		8C32E42F29E49EE50047A6BB /* SettingsModel.swift */ = {isa = PBXFileReference; lastKnownFileType = sourcecode.swift; path = SettingsModel.swift; sourceTree = "<group>"; };
		8C5B49C529D0F63600915A6C /* MEDHealth.app */ = {isa = PBXFileReference; explicitFileType = wrapper.application; includeInIndex = 0; path = MEDHealth.app; sourceTree = BUILT_PRODUCTS_DIR; };
		8C5B49C829D0F63600915A6C /* AppDelegate.swift */ = {isa = PBXFileReference; lastKnownFileType = sourcecode.swift; path = AppDelegate.swift; sourceTree = "<group>"; };
		8C5B49CA29D0F63600915A6C /* SceneDelegate.swift */ = {isa = PBXFileReference; lastKnownFileType = sourcecode.swift; path = SceneDelegate.swift; sourceTree = "<group>"; };
		8C5B49CC29D0F63600915A6C /* SignInViewController.swift */ = {isa = PBXFileReference; lastKnownFileType = sourcecode.swift; path = SignInViewController.swift; sourceTree = "<group>"; };
		8C5B49CF29D0F63600915A6C /* Base */ = {isa = PBXFileReference; lastKnownFileType = file.storyboard; name = Base; path = Base.lproj/Main.storyboard; sourceTree = "<group>"; };
		8C5B49D129D0F63800915A6C /* Assets.xcassets */ = {isa = PBXFileReference; lastKnownFileType = folder.assetcatalog; path = Assets.xcassets; sourceTree = "<group>"; };
		8C5B49D429D0F63800915A6C /* Base */ = {isa = PBXFileReference; lastKnownFileType = file.storyboard; name = Base; path = Base.lproj/LaunchScreen.storyboard; sourceTree = "<group>"; };
		8C5B49D629D0F63800915A6C /* Info.plist */ = {isa = PBXFileReference; lastKnownFileType = text.plist.xml; path = Info.plist; sourceTree = "<group>"; };
		8C5B49DE29D1099600915A6C /* Raleway-Italic-VariableFont_wght.ttf */ = {isa = PBXFileReference; lastKnownFileType = file; path = "Raleway-Italic-VariableFont_wght.ttf"; sourceTree = "<group>"; };
		8C5B49DF29D1099600915A6C /* Raleway-VariableFont_wght.ttf */ = {isa = PBXFileReference; lastKnownFileType = file; path = "Raleway-VariableFont_wght.ttf"; sourceTree = "<group>"; };
		8C87BBCA29D48534008A742D /* UIView+Extensions.swift */ = {isa = PBXFileReference; lastKnownFileType = sourcecode.swift; path = "UIView+Extensions.swift"; sourceTree = "<group>"; };
		8C87BBCC29D485CB008A742D /* UIButton+Extensions.swift */ = {isa = PBXFileReference; lastKnownFileType = sourcecode.swift; path = "UIButton+Extensions.swift"; sourceTree = "<group>"; };
		8C87BBCE29D49046008A742D /* UIViewController+InstantiateMethod.swift */ = {isa = PBXFileReference; lastKnownFileType = sourcecode.swift; path = "UIViewController+InstantiateMethod.swift"; sourceTree = "<group>"; };
		8C87BBD729D4978E008A742D /* NoInternetConnectionViewController.swift */ = {isa = PBXFileReference; lastKnownFileType = sourcecode.swift; path = NoInternetConnectionViewController.swift; sourceTree = "<group>"; };
		8C87BBE229D4D01E008A742D /* NetworkManager.swift */ = {isa = PBXFileReference; lastKnownFileType = sourcecode.swift; path = NetworkManager.swift; sourceTree = "<group>"; };
		8C87BBE629D4D096008A742D /* NetworkStatusViewModel.swift */ = {isa = PBXFileReference; lastKnownFileType = sourcecode.swift; path = NetworkStatusViewModel.swift; sourceTree = "<group>"; };
		8C87BBE929D4DA12008A742D /* NoInternetConnectionViewModel.swift */ = {isa = PBXFileReference; lastKnownFileType = sourcecode.swift; path = NoInternetConnectionViewModel.swift; sourceTree = "<group>"; };
		8C87BBEC29D4EF8B008A742D /* UserDefaultsManager.swift */ = {isa = PBXFileReference; lastKnownFileType = sourcecode.swift; path = UserDefaultsManager.swift; sourceTree = "<group>"; };
		8C87BBEE29D4F4E4008A742D /* UITextField+Extensions.swift */ = {isa = PBXFileReference; lastKnownFileType = sourcecode.swift; path = "UITextField+Extensions.swift"; sourceTree = "<group>"; };
		8C87BBF029D51AB3008A742D /* UIViewController+NetworkStatusAware.swift */ = {isa = PBXFileReference; lastKnownFileType = sourcecode.swift; path = "UIViewController+NetworkStatusAware.swift"; sourceTree = "<group>"; };
		8C87BBF629D5229A008A742D /* OnboardingViewController.swift */ = {isa = PBXFileReference; lastKnownFileType = sourcecode.swift; path = OnboardingViewController.swift; sourceTree = "<group>"; };
		8C87BBFE29D774E4008A742D /* OnboardingSlide.swift */ = {isa = PBXFileReference; lastKnownFileType = sourcecode.swift; path = OnboardingSlide.swift; sourceTree = "<group>"; };
		8C87BC0129D777D9008A742D /* OnboardingCollectionViewCell.swift */ = {isa = PBXFileReference; lastKnownFileType = sourcecode.swift; path = OnboardingCollectionViewCell.swift; sourceTree = "<group>"; };
		8C87BC0329D77BBD008A742D /* OnboardingCollectionViewCell.xib */ = {isa = PBXFileReference; lastKnownFileType = file.xib; path = OnboardingCollectionViewCell.xib; sourceTree = "<group>"; };
		8C87BC0629D78EB0008A742D /* OnboardingViewModel.swift */ = {isa = PBXFileReference; lastKnownFileType = sourcecode.swift; path = OnboardingViewModel.swift; sourceTree = "<group>"; };
		8C8A16E229E4BD8900ED7FDC /* FirebaseStorageManager.swift */ = {isa = PBXFileReference; lastKnownFileType = sourcecode.swift; path = FirebaseStorageManager.swift; sourceTree = "<group>"; };
		8C8A16E529E4CA3B00ED7FDC /* UserDataKeys.swift */ = {isa = PBXFileReference; lastKnownFileType = sourcecode.swift; path = UserDataKeys.swift; sourceTree = "<group>"; };
		8C8A16EE29E4D78300ED7FDC /* ProfilePageViewController.swift */ = {isa = PBXFileReference; lastKnownFileType = sourcecode.swift; path = ProfilePageViewController.swift; sourceTree = "<group>"; };
		8C8A16F029E4D79900ED7FDC /* ProfilePageViewModel.swift */ = {isa = PBXFileReference; lastKnownFileType = sourcecode.swift; path = ProfilePageViewModel.swift; sourceTree = "<group>"; };
		8C8A16F429E5CC6600ED7FDC /* LocalizationSettingViewController.swift */ = {isa = PBXFileReference; lastKnownFileType = sourcecode.swift; path = LocalizationSettingViewController.swift; sourceTree = "<group>"; };
		8CB37BC729E61810002DAB59 /* LocalizationPageViewModel.swift */ = {isa = PBXFileReference; lastKnownFileType = sourcecode.swift; path = LocalizationPageViewModel.swift; sourceTree = "<group>"; };
		8CB37BCA29E61898002DAB59 /* LocalizationOptions.swift */ = {isa = PBXFileReference; lastKnownFileType = sourcecode.swift; path = LocalizationOptions.swift; sourceTree = "<group>"; };
		8CB37BCC29E6239A002DAB59 /* ru */ = {isa = PBXFileReference; lastKnownFileType = text.plist.strings; name = ru; path = ru.lproj/Main.strings; sourceTree = "<group>"; };
		8CB37BCD29E6240A002DAB59 /* ky-KG */ = {isa = PBXFileReference; lastKnownFileType = text.plist.strings; name = "ky-KG"; path = "ky-KG.lproj/Main.strings"; sourceTree = "<group>"; };
		8CB37BD029E628BB002DAB59 /* String + Localized.swift */ = {isa = PBXFileReference; lastKnownFileType = sourcecode.swift; path = "String + Localized.swift"; sourceTree = "<group>"; };
		8CB37BD529E6296D002DAB59 /* en */ = {isa = PBXFileReference; lastKnownFileType = text.plist.strings; name = en; path = en.lproj/Localizable.strings; sourceTree = "<group>"; };
		8CB37BD729E62971002DAB59 /* ru */ = {isa = PBXFileReference; lastKnownFileType = text.plist.strings; name = ru; path = ru.lproj/Localizable.strings; sourceTree = "<group>"; };
		8CB37BD829E62972002DAB59 /* ky-KG */ = {isa = PBXFileReference; lastKnownFileType = text.plist.strings; name = "ky-KG"; path = "ky-KG.lproj/Localizable.strings"; sourceTree = "<group>"; };
		8CB37BD929E62D60002DAB59 /* en */ = {isa = PBXFileReference; lastKnownFileType = text.plist.strings; name = en; path = en.lproj/Main.strings; sourceTree = "<group>"; };
		8CC8D6D729DA449100DD1E1D /* AuthManager.swift */ = {isa = PBXFileReference; lastKnownFileType = sourcecode.swift; path = AuthManager.swift; sourceTree = "<group>"; };
		8CC8D6D929DA4A0C00DD1E1D /* GoogleService-Info.plist */ = {isa = PBXFileReference; fileEncoding = 4; lastKnownFileType = text.plist.xml; path = "GoogleService-Info.plist"; sourceTree = "<group>"; };
		8CDC6C4929DE081C006493F4 /* FeatureCollectionViewCell.swift */ = {isa = PBXFileReference; lastKnownFileType = sourcecode.swift; path = FeatureCollectionViewCell.swift; sourceTree = "<group>"; };
		8CDC6C4A29DE081C006493F4 /* FeatureCollectionViewCell.xib */ = {isa = PBXFileReference; lastKnownFileType = file.xib; path = FeatureCollectionViewCell.xib; sourceTree = "<group>"; };
		8CDC6C5429DE0D43006493F4 /* Feature.swift */ = {isa = PBXFileReference; lastKnownFileType = sourcecode.swift; path = Feature.swift; sourceTree = "<group>"; };
		8CDC6C5629DE0EAD006493F4 /* MainPageViewModel.swift */ = {isa = PBXFileReference; lastKnownFileType = sourcecode.swift; path = MainPageViewModel.swift; sourceTree = "<group>"; };
		8CDC6C5E29DE1F63006493F4 /* MedicationTakingViewController.swift */ = {isa = PBXFileReference; lastKnownFileType = sourcecode.swift; path = MedicationTakingViewController.swift; sourceTree = "<group>"; };
		8CDC6C6029DE1F87006493F4 /* MedicalHistoryViewController.swift */ = {isa = PBXFileReference; lastKnownFileType = sourcecode.swift; path = MedicalHistoryViewController.swift; sourceTree = "<group>"; };
		8CDC6C6229DE1F9E006493F4 /* TestResultsViewController.swift */ = {isa = PBXFileReference; lastKnownFileType = sourcecode.swift; path = TestResultsViewController.swift; sourceTree = "<group>"; };
		8CDC6C6429DE1FB5006493F4 /* PharmacyListViewController.swift */ = {isa = PBXFileReference; lastKnownFileType = sourcecode.swift; path = PharmacyListViewController.swift; sourceTree = "<group>"; };
		8CDC6C6629DE2958006493F4 /* UIViewController+KeyboardHandling.swift */ = {isa = PBXFileReference; lastKnownFileType = sourcecode.swift; path = "UIViewController+KeyboardHandling.swift"; sourceTree = "<group>"; };
		8CDC6C6829DE29DA006493F4 /* UIViewController+OTPTextFieldHandling.swift */ = {isa = PBXFileReference; lastKnownFileType = sourcecode.swift; path = "UIViewController+OTPTextFieldHandling.swift"; sourceTree = "<group>"; };
		8CDC6C6B29DE2A65006493F4 /* UIViewController+showWarningAlertMethod.swift */ = {isa = PBXFileReference; lastKnownFileType = sourcecode.swift; path = "UIViewController+showWarningAlertMethod.swift"; sourceTree = "<group>"; };
		8CDC6C7029DE2C01006493F4 /* UIViewController+TextFieldsHandling.swift */ = {isa = PBXFileReference; lastKnownFileType = sourcecode.swift; path = "UIViewController+TextFieldsHandling.swift"; sourceTree = "<group>"; };
		8CDC6C7229DE2C7D006493F4 /* UITextField+Toolbar.swift */ = {isa = PBXFileReference; lastKnownFileType = sourcecode.swift; path = "UITextField+Toolbar.swift"; sourceTree = "<group>"; };
		8CDC6C8029DE32A0006493F4 /* MedicalHistoryModel.swift */ = {isa = PBXFileReference; lastKnownFileType = sourcecode.swift; path = MedicalHistoryModel.swift; sourceTree = "<group>"; };
		8CDC6C8229DE32EC006493F4 /* MedicalHistoryViewModel.swift */ = {isa = PBXFileReference; lastKnownFileType = sourcecode.swift; path = MedicalHistoryViewModel.swift; sourceTree = "<group>"; };
		8CDC6C8429DE3306006493F4 /* MedicationTakingModel.swift */ = {isa = PBXFileReference; lastKnownFileType = sourcecode.swift; path = MedicationTakingModel.swift; sourceTree = "<group>"; };
		8CDC6C8629DE3325006493F4 /* MedicationTakingViewModel.swift */ = {isa = PBXFileReference; lastKnownFileType = sourcecode.swift; path = MedicationTakingViewModel.swift; sourceTree = "<group>"; };
		8CDC6C8A29DE3A10006493F4 /* TestResultModel.swift */ = {isa = PBXFileReference; lastKnownFileType = sourcecode.swift; path = TestResultModel.swift; sourceTree = "<group>"; };
		8CDC6C8C29DE3A19006493F4 /* TestResultsViewModel.swift */ = {isa = PBXFileReference; lastKnownFileType = sourcecode.swift; path = TestResultsViewModel.swift; sourceTree = "<group>"; };
		8CDC6CB529DF50DC006493F4 /* TestResultCollectionViewCell.swift */ = {isa = PBXFileReference; lastKnownFileType = sourcecode.swift; path = TestResultCollectionViewCell.swift; sourceTree = "<group>"; };
		8CDC6CB629DF50DC006493F4 /* TestResultCollectionViewCell.xib */ = {isa = PBXFileReference; lastKnownFileType = file.xib; path = TestResultCollectionViewCell.xib; sourceTree = "<group>"; };
		8CE7E4DB29E8947A004A8312 /* MedicationTakingCell.swift */ = {isa = PBXFileReference; lastKnownFileType = sourcecode.swift; path = MedicationTakingCell.swift; sourceTree = "<group>"; };
		8CE7E4DC29E8947A004A8312 /* MedicationTakingCell.xib */ = {isa = PBXFileReference; lastKnownFileType = file.xib; path = MedicationTakingCell.xib; sourceTree = "<group>"; };
		8CE7E4E229E8C877004A8312 /* MedicationTakingDetailedViewController.swift */ = {isa = PBXFileReference; lastKnownFileType = sourcecode.swift; path = MedicationTakingDetailedViewController.swift; sourceTree = "<group>"; };
		8CE7E4E729E9385F004A8312 /* AddMedicalHistoryNoteViewController.swift */ = {isa = PBXFileReference; lastKnownFileType = sourcecode.swift; path = AddMedicalHistoryNoteViewController.swift; sourceTree = "<group>"; };
		8CE7E4EB29E93893004A8312 /* AddMedicalHistoryViewModel.swift */ = {isa = PBXFileReference; lastKnownFileType = sourcecode.swift; path = AddMedicalHistoryViewModel.swift; sourceTree = "<group>"; };
		8CE7E4EE29E938C3004A8312 /* MedicalHistoryDetailedViewController.swift */ = {isa = PBXFileReference; lastKnownFileType = sourcecode.swift; path = MedicalHistoryDetailedViewController.swift; sourceTree = "<group>"; };
		8CE7E4F229E93920004A8312 /* MedicalHistoryCollectionViewCell.swift */ = {isa = PBXFileReference; lastKnownFileType = sourcecode.swift; path = MedicalHistoryCollectionViewCell.swift; sourceTree = "<group>"; };
		8CE7E4F329E93920004A8312 /* MedicalHistoryCollectionViewCell.xib */ = {isa = PBXFileReference; lastKnownFileType = file.xib; path = MedicalHistoryCollectionViewCell.xib; sourceTree = "<group>"; };
		8CEE873C29D8A90100275CCE /* MainTabBarController.swift */ = {isa = PBXFileReference; lastKnownFileType = sourcecode.swift; path = MainTabBarController.swift; sourceTree = "<group>"; };
		8CEE874229D8A93A00275CCE /* SettingsViewController.swift */ = {isa = PBXFileReference; lastKnownFileType = sourcecode.swift; path = SettingsViewController.swift; sourceTree = "<group>"; };
		8CEE874429D8A96100275CCE /* InfoViewController.swift */ = {isa = PBXFileReference; lastKnownFileType = sourcecode.swift; path = InfoViewController.swift; sourceTree = "<group>"; };
		8CEE874829D8A98800275CCE /* MainPageViewController.swift */ = {isa = PBXFileReference; lastKnownFileType = sourcecode.swift; path = MainPageViewController.swift; sourceTree = "<group>"; };
		97AFC030A5DB320B2F819D06 /* Pods-MEDHealth.release.xcconfig */ = {isa = PBXFileReference; includeInIndex = 1; lastKnownFileType = text.xcconfig; name = "Pods-MEDHealth.release.xcconfig"; path = "Target Support Files/Pods-MEDHealth/Pods-MEDHealth.release.xcconfig"; sourceTree = "<group>"; };
		C2BFBDBDC616430B9366C65F /* Pods_MEDHealth.framework */ = {isa = PBXFileReference; explicitFileType = wrapper.framework; includeInIndex = 0; path = Pods_MEDHealth.framework; sourceTree = BUILT_PRODUCTS_DIR; };
/* End PBXFileReference section */

/* Begin PBXFrameworksBuildPhase section */
		4947F9F0AC3C11940AC8A302 /* Frameworks */ = {
			isa = PBXFrameworksBuildPhase;
			buildActionMask = 2147483647;
			files = (
				528FAAA720C6FBF8ED7808B9 /* Pods_MEDHealth.framework in Frameworks */,
			);
			runOnlyForDeploymentPostprocessing = 0;
		};
/* End PBXFrameworksBuildPhase section */

/* Begin PBXGroup section */
		8C1F61A629E7A3DC007DE82B /* AddMedicationTaking */ = {
			isa = PBXGroup;
			children = (
				8C1F61AB29E7B072007DE82B /* View */,
				8C1F61AA29E7B06E007DE82B /* ViewModel */,
			);
			path = AddMedicationTaking;
			sourceTree = "<group>";
		};
		8C1F61A929E7A5D4007DE82B /* Components */ = {
			isa = PBXGroup;
			children = (
				8CE7E4DA29E8945F004A8312 /* Cell */,
				8C1F61B429E87188007DE82B /* Views */,
			);
			path = Components;
			sourceTree = "<group>";
		};
		8C1F61AA29E7B06E007DE82B /* ViewModel */ = {
			isa = PBXGroup;
			children = (
				8C1F61AC29E7B086007DE82B /* AddMedicationTakingViewModel.swift */,
			);
			path = ViewModel;
			sourceTree = "<group>";
		};
		8C1F61AB29E7B072007DE82B /* View */ = {
			isa = PBXGroup;
			children = (
				8C1F61A729E7A3EE007DE82B /* AddMedicationTakingViewController.swift */,
			);
			path = View;
			sourceTree = "<group>";
		};
		8C1F61B429E87188007DE82B /* Views */ = {
			isa = PBXGroup;
			children = (
				8C1F61B529E87192007DE82B /* NoDataContainerView.swift */,
			);
			path = Views;
			sourceTree = "<group>";
		};
		8C3118CD29D8668F00C53B46 /* SignIn */ = {
			isa = PBXGroup;
			children = (
				8C32E3F529E230550047A6BB /* ViewModel */,
				8C32E3F429E2304C0047A6BB /* View */,
			);
			path = SignIn;
			sourceTree = "<group>";
		};
		8C3118CE29D8669900C53B46 /* SignUp */ = {
			isa = PBXGroup;
			children = (
				8C32E40229E24DBE0047A6BB /* View */,
				8C32E40329E24DC20047A6BB /* ViewModel */,
			);
			path = SignUp;
			sourceTree = "<group>";
		};
		8C3118D129D87E1000C53B46 /* ResetPassword */ = {
			isa = PBXGroup;
			children = (
				8C32E3FF29E2472B0047A6BB /* ViewModel */,
				8C32E3FE29E247280047A6BB /* View */,
			);
			path = ResetPassword;
			sourceTree = "<group>";
		};
		8C3118D429D87F0700C53B46 /* Auth */ = {
			isa = PBXGroup;
			children = (
				8C3118D129D87E1000C53B46 /* ResetPassword */,
				8C3118CD29D8668F00C53B46 /* SignIn */,
				8C3118CE29D8669900C53B46 /* SignUp */,
			);
			path = Auth;
			sourceTree = "<group>";
		};
		8C32E37029DF57A00047A6BB /* Components */ = {
			isa = PBXGroup;
			children = (
				8CDC6CB429DF50B4006493F4 /* TestResultCell */,
			);
			path = Components;
			sourceTree = "<group>";
		};
		8C32E37429DF6EE70047A6BB /* View */ = {
			isa = PBXGroup;
			children = (
				8C32E37729DF6F020047A6BB /* Components */,
				8CEE874429D8A96100275CCE /* InfoViewController.swift */,
			);
			path = View;
			sourceTree = "<group>";
		};
		8C32E37529DF6EE90047A6BB /* Model */ = {
			isa = PBXGroup;
			children = (
				8C32E38E29DF85D70047A6BB /* InfoCellModel.swift */,
			);
			path = Model;
			sourceTree = "<group>";
		};
		8C32E37629DF6EEC0047A6BB /* ViewModel */ = {
			isa = PBXGroup;
			children = (
				8C32E38629DF7A680047A6BB /* InfoViewModel.swift */,
			);
			path = ViewModel;
			sourceTree = "<group>";
		};
		8C32E37729DF6F020047A6BB /* Components */ = {
			isa = PBXGroup;
			children = (
				8C32E39329DF921D0047A6BB /* AboutAppViewController */,
				8C32E37829DF6F130047A6BB /* SocialMediaLinksCell */,
			);
			path = Components;
			sourceTree = "<group>";
		};
		8C32E37829DF6F130047A6BB /* SocialMediaLinksCell */ = {
			isa = PBXGroup;
			children = (
				8C32E37B29DF6F3B0047A6BB /* View */,
				8C32E37929DF6F220047A6BB /* ViewModel */,
			);
			path = SocialMediaLinksCell;
			sourceTree = "<group>";
		};
		8C32E37929DF6F220047A6BB /* ViewModel */ = {
			isa = PBXGroup;
			children = (
				8C32E38129DF73C80047A6BB /* SocialMediaLinksViewModel.swift */,
			);
			path = ViewModel;
			sourceTree = "<group>";
		};
		8C32E37B29DF6F3B0047A6BB /* View */ = {
			isa = PBXGroup;
			children = (
				8C32E37C29DF6F580047A6BB /* SocialMediaLinksTableViewCell.swift */,
				8C32E37D29DF6F580047A6BB /* SocialMediaLinksTableViewCell.xib */,
			);
			path = View;
			sourceTree = "<group>";
		};
		8C32E38B29DF847B0047A6BB /* Helpers */ = {
			isa = PBXGroup;
			children = (
				8C32E38C29DF84830047A6BB /* SafariOpener.swift */,
				8C1F61B129E83DC4007DE82B /* DateManager.swift */,
			);
			path = Helpers;
			sourceTree = "<group>";
		};
		8C32E39329DF921D0047A6BB /* AboutAppViewController */ = {
			isa = PBXGroup;
			children = (
				8C32E39429DF922D0047A6BB /* AboutAppViewController.swift */,
			);
			path = AboutAppViewController;
			sourceTree = "<group>";
		};
		8C32E3F029E1EC560047A6BB /* View */ = {
			isa = PBXGroup;
			children = (
				8CEE874229D8A93A00275CCE /* SettingsViewController.swift */,
			);
			path = View;
			sourceTree = "<group>";
		};
		8C32E3F129E1EC590047A6BB /* ViewModel */ = {
			isa = PBXGroup;
			children = (
				8C32E3F229E1EC600047A6BB /* SettingsViewModel.swift */,
			);
			path = ViewModel;
			sourceTree = "<group>";
		};
		8C32E3F429E2304C0047A6BB /* View */ = {
			isa = PBXGroup;
			children = (
				8C5B49CC29D0F63600915A6C /* SignInViewController.swift */,
			);
			path = View;
			sourceTree = "<group>";
		};
		8C32E3F529E230550047A6BB /* ViewModel */ = {
			isa = PBXGroup;
			children = (
				8C32E3F629E230620047A6BB /* SignInViewModel.swift */,
			);
			path = ViewModel;
			sourceTree = "<group>";
		};
		8C32E3FB29E243720047A6BB /* DatabaseManager */ = {
			isa = PBXGroup;
			children = (
				8C32E3FC29E2437B0047A6BB /* FirebaseDatabaseManager.swift */,
			);
			path = DatabaseManager;
			sourceTree = "<group>";
		};
		8C32E3FE29E247280047A6BB /* View */ = {
			isa = PBXGroup;
			children = (
				8C3118D229D87E1D00C53B46 /* ResetPasswordViewController.swift */,
			);
			path = View;
			sourceTree = "<group>";
		};
		8C32E3FF29E2472B0047A6BB /* ViewModel */ = {
			isa = PBXGroup;
			children = (
				8C32E40029E2473A0047A6BB /* ResetPasswordViewModel.swift */,
			);
			path = ViewModel;
			sourceTree = "<group>";
		};
		8C32E40229E24DBE0047A6BB /* View */ = {
			isa = PBXGroup;
			children = (
				8C3118CF29D866AF00C53B46 /* SignUpViewController.swift */,
			);
			path = View;
			sourceTree = "<group>";
		};
		8C32E40329E24DC20047A6BB /* ViewModel */ = {
			isa = PBXGroup;
			children = (
				8C32E40429E24DC90047A6BB /* SignUpViewModel.swift */,
			);
			path = ViewModel;
			sourceTree = "<group>";
		};
		8C32E42E29E49EDD0047A6BB /* Model */ = {
			isa = PBXGroup;
			children = (
				8C32E42F29E49EE50047A6BB /* SettingsModel.swift */,
			);
			path = Model;
			sourceTree = "<group>";
		};
		8C5B49BC29D0F63600915A6C = {
			isa = PBXGroup;
			children = (
				8C5B49C729D0F63600915A6C /* MEDHealth */,
				8C5B49C629D0F63600915A6C /* Products */,
				EC1EE525441F4BB44AEB7C16 /* Pods */,
				F9C771C8E541C1E72B183CE6 /* Frameworks */,
			);
			sourceTree = "<group>";
		};
		8C5B49C629D0F63600915A6C /* Products */ = {
			isa = PBXGroup;
			children = (
				8C5B49C529D0F63600915A6C /* MEDHealth.app */,
			);
			name = Products;
			sourceTree = "<group>";
		};
		8C5B49C729D0F63600915A6C /* MEDHealth */ = {
			isa = PBXGroup;
			children = (
				8C5B49E229D10AD900915A6C /* App */,
				8C87BBE429D4D088008A742D /* Common */,
				8C87BBC929D48526008A742D /* Extensions */,
				8CC8D6D929DA4A0C00DD1E1D /* GoogleService-Info.plist */,
				8C32E38B29DF847B0047A6BB /* Helpers */,
				8C5B49E329D10AE300915A6C /* Resources */,
				8C5B49E729D1614B00915A6C /* Screens */,
				8C5B49E429D1611900915A6C /* Services */,
			);
			path = MEDHealth;
			sourceTree = "<group>";
		};
		8C5B49E229D10AD900915A6C /* App */ = {
			isa = PBXGroup;
			children = (
				8C5B49C829D0F63600915A6C /* AppDelegate.swift */,
				8C5B49CA29D0F63600915A6C /* SceneDelegate.swift */,
			);
			path = App;
			sourceTree = "<group>";
		};
		8C5B49E329D10AE300915A6C /* Resources */ = {
			isa = PBXGroup;
			children = (
				8C5B49D129D0F63800915A6C /* Assets.xcassets */,
				8C5B49D629D0F63800915A6C /* Info.plist */,
				8C5B49D329D0F63800915A6C /* LaunchScreen.storyboard */,
				8C5B49CE29D0F63600915A6C /* Main.storyboard */,
				8C5B49DE29D1099600915A6C /* Raleway-Italic-VariableFont_wght.ttf */,
				8C5B49DF29D1099600915A6C /* Raleway-VariableFont_wght.ttf */,
				8CB37BD629E6296D002DAB59 /* Localizable.strings */,
			);
			path = Resources;
			sourceTree = "<group>";
		};
		8C5B49E429D1611900915A6C /* Services */ = {
			isa = PBXGroup;
			children = (
				8C8A16E029E4BD7100ED7FDC /* Firebase */,
				8C5B49E629D1614500915A6C /* AuthManager */,
				8C5B49E529D1612500915A6C /* NetworkManager */,
				8C87BBEB29D4EF7F008A742D /* UserDefaultsManager */,
			);
			path = Services;
			sourceTree = "<group>";
		};
		8C5B49E529D1612500915A6C /* NetworkManager */ = {
			isa = PBXGroup;
			children = (
				8C87BBE229D4D01E008A742D /* NetworkManager.swift */,
			);
			path = NetworkManager;
			sourceTree = "<group>";
		};
		8C5B49E629D1614500915A6C /* AuthManager */ = {
			isa = PBXGroup;
			children = (
				8CC8D6D729DA449100DD1E1D /* AuthManager.swift */,
			);
			path = AuthManager;
			sourceTree = "<group>";
		};
		8C5B49E729D1614B00915A6C /* Screens */ = {
			isa = PBXGroup;
			children = (
				8C3118D429D87F0700C53B46 /* Auth */,
				8C5B49EB29D1616500915A6C /* Main */,
				8C5B49E829D1614F00915A6C /* NoInternetConnection */,
				8C87BBF529D5228C008A742D /* Onboarding */,
			);
			path = Screens;
			sourceTree = "<group>";
		};
		8C5B49E829D1614F00915A6C /* NoInternetConnection */ = {
			isa = PBXGroup;
			children = (
				8C87BBD929D4A200008A742D /* View */,
				8C87BBE829D4DA06008A742D /* ViewModel */,
			);
			path = NoInternetConnection;
			sourceTree = "<group>";
		};
		8C5B49EB29D1616500915A6C /* Main */ = {
			isa = PBXGroup;
			children = (
				8CEE874029D8A92D00275CCE /* InfoPage */,
				8CEE873E29D8A91800275CCE /* MainPage */,
				8CEE874129D8A93100275CCE /* SettingsPage */,
				8CEE873B29D8A8F300275CCE /* TabBarController */,
			);
			path = Main;
			sourceTree = "<group>";
		};
		8C87BBC929D48526008A742D /* Extensions */ = {
			isa = PBXGroup;
			children = (
				8CB37BCF29E628AD002DAB59 /* String */,
				8CDC6C6E29DE2AA4006493F4 /* UIButton */,
				8CDC6C6D29DE2AA0006493F4 /* UITextField */,
				8CDC6C6F29DE2AAA006493F4 /* UIView */,
				8CDC6C6A29DE2A3B006493F4 /* UIViewController */,
			);
			path = Extensions;
			sourceTree = "<group>";
		};
		8C87BBD929D4A200008A742D /* View */ = {
			isa = PBXGroup;
			children = (
				8C87BBD729D4978E008A742D /* NoInternetConnectionViewController.swift */,
			);
			path = View;
			sourceTree = "<group>";
		};
		8C87BBE429D4D088008A742D /* Common */ = {
			isa = PBXGroup;
			children = (
				8CEE873129D88C1A00275CCE /* ViewModels */,
			);
			path = Common;
			sourceTree = "<group>";
		};
		8C87BBE529D4D08B008A742D /* NetworkStatusViewModel */ = {
			isa = PBXGroup;
			children = (
				8C87BBE629D4D096008A742D /* NetworkStatusViewModel.swift */,
			);
			path = NetworkStatusViewModel;
			sourceTree = "<group>";
		};
		8C87BBE829D4DA06008A742D /* ViewModel */ = {
			isa = PBXGroup;
			children = (
				8C87BBE929D4DA12008A742D /* NoInternetConnectionViewModel.swift */,
			);
			path = ViewModel;
			sourceTree = "<group>";
		};
		8C87BBEB29D4EF7F008A742D /* UserDefaultsManager */ = {
			isa = PBXGroup;
			children = (
				8C87BBEC29D4EF8B008A742D /* UserDefaultsManager.swift */,
			);
			path = UserDefaultsManager;
			sourceTree = "<group>";
		};
		8C87BBF529D5228C008A742D /* Onboarding */ = {
			isa = PBXGroup;
			children = (
				8C87BBFD29D774D5008A742D /* Model */,
				8C87BBFB29D774CF008A742D /* View */,
				8C87BC0529D78E9F008A742D /* ViewModel */,
			);
			path = Onboarding;
			sourceTree = "<group>";
		};
		8C87BBFB29D774CF008A742D /* View */ = {
			isa = PBXGroup;
			children = (
				8C87BBF629D5229A008A742D /* OnboardingViewController.swift */,
				8C87BC0029D777CB008A742D /* OnboardingCell */,
			);
			path = View;
			sourceTree = "<group>";
		};
		8C87BBFD29D774D5008A742D /* Model */ = {
			isa = PBXGroup;
			children = (
				8C87BBFE29D774E4008A742D /* OnboardingSlide.swift */,
			);
			path = Model;
			sourceTree = "<group>";
		};
		8C87BC0029D777CB008A742D /* OnboardingCell */ = {
			isa = PBXGroup;
			children = (
				8C87BC0129D777D9008A742D /* OnboardingCollectionViewCell.swift */,
				8C87BC0329D77BBD008A742D /* OnboardingCollectionViewCell.xib */,
			);
			path = OnboardingCell;
			sourceTree = "<group>";
		};
		8C87BC0529D78E9F008A742D /* ViewModel */ = {
			isa = PBXGroup;
			children = (
				8C87BC0629D78EB0008A742D /* OnboardingViewModel.swift */,
			);
			path = ViewModel;
			sourceTree = "<group>";
		};
		8C8A16E029E4BD7100ED7FDC /* Firebase */ = {
			isa = PBXGroup;
			children = (
				8C8A16E429E4CA3400ED7FDC /* Common */,
				8C8A16E129E4BD7E00ED7FDC /* StorageManager */,
				8C32E3FB29E243720047A6BB /* DatabaseManager */,
			);
			path = Firebase;
			sourceTree = "<group>";
		};
		8C8A16E129E4BD7E00ED7FDC /* StorageManager */ = {
			isa = PBXGroup;
			children = (
				8C8A16E229E4BD8900ED7FDC /* FirebaseStorageManager.swift */,
			);
			path = StorageManager;
			sourceTree = "<group>";
		};
		8C8A16E429E4CA3400ED7FDC /* Common */ = {
			isa = PBXGroup;
			children = (
				8C8A16E529E4CA3B00ED7FDC /* UserDataKeys.swift */,
			);
			path = Common;
			sourceTree = "<group>";
		};
		8C8A16E829E4D75A00ED7FDC /* Components */ = {
			isa = PBXGroup;
			children = (
				8C8A16EA29E4D76400ED7FDC /* LocalizationPage */,
				8C8A16E929E4D75F00ED7FDC /* ProfilePage */,
			);
			path = Components;
			sourceTree = "<group>";
		};
		8C8A16E929E4D75F00ED7FDC /* ProfilePage */ = {
			isa = PBXGroup;
			children = (
				8C8A16EB29E4D76D00ED7FDC /* View */,
				8C8A16EC29E4D76F00ED7FDC /* ViewModel */,
			);
			path = ProfilePage;
			sourceTree = "<group>";
		};
		8C8A16EA29E4D76400ED7FDC /* LocalizationPage */ = {
			isa = PBXGroup;
			children = (
				8CB37BC929E61890002DAB59 /* Model */,
				8C8A16F329E5CC4000ED7FDC /* ViewModel */,
				8C8A16F229E5CC3E00ED7FDC /* View */,
			);
			path = LocalizationPage;
			sourceTree = "<group>";
		};
		8C8A16EB29E4D76D00ED7FDC /* View */ = {
			isa = PBXGroup;
			children = (
				8C8A16EE29E4D78300ED7FDC /* ProfilePageViewController.swift */,
			);
			path = View;
			sourceTree = "<group>";
		};
		8C8A16EC29E4D76F00ED7FDC /* ViewModel */ = {
			isa = PBXGroup;
			children = (
				8C8A16F029E4D79900ED7FDC /* ProfilePageViewModel.swift */,
			);
			path = ViewModel;
			sourceTree = "<group>";
		};
		8C8A16F229E5CC3E00ED7FDC /* View */ = {
			isa = PBXGroup;
			children = (
				8C8A16F429E5CC6600ED7FDC /* LocalizationSettingViewController.swift */,
			);
			path = View;
			sourceTree = "<group>";
		};
		8C8A16F329E5CC4000ED7FDC /* ViewModel */ = {
			isa = PBXGroup;
			children = (
				8CB37BC729E61810002DAB59 /* LocalizationPageViewModel.swift */,
			);
			path = ViewModel;
			sourceTree = "<group>";
		};
		8CB37BC929E61890002DAB59 /* Model */ = {
			isa = PBXGroup;
			children = (
				8CB37BCA29E61898002DAB59 /* LocalizationOptions.swift */,
			);
			path = Model;
			sourceTree = "<group>";
		};
		8CB37BCF29E628AD002DAB59 /* String */ = {
			isa = PBXGroup;
			children = (
				8CB37BD029E628BB002DAB59 /* String + Localized.swift */,
			);
			path = String;
			sourceTree = "<group>";
		};
		8CDC6C4429DE0759006493F4 /* View */ = {
			isa = PBXGroup;
			children = (
				8CDC6C4829DE07F5006493F4 /* FeaturesCell */,
				8CEE874829D8A98800275CCE /* MainPageViewController.swift */,
			);
			path = View;
			sourceTree = "<group>";
		};
		8CDC6C4529DE075B006493F4 /* ViewModel */ = {
			isa = PBXGroup;
			children = (
				8CDC6C5629DE0EAD006493F4 /* MainPageViewModel.swift */,
			);
			path = ViewModel;
			sourceTree = "<group>";
		};
		8CDC6C4829DE07F5006493F4 /* FeaturesCell */ = {
			isa = PBXGroup;
			children = (
				8CDC6C4929DE081C006493F4 /* FeatureCollectionViewCell.swift */,
				8CDC6C4A29DE081C006493F4 /* FeatureCollectionViewCell.xib */,
			);
			path = FeaturesCell;
			sourceTree = "<group>";
		};
		8CDC6C4D29DE0C64006493F4 /* Model */ = {
			isa = PBXGroup;
			children = (
				8CDC6C5429DE0D43006493F4 /* Feature.swift */,
			);
			path = Model;
			sourceTree = "<group>";
		};
		8CDC6C5829DE1BA5006493F4 /* MainPage */ = {
			isa = PBXGroup;
			children = (
				8CDC6C4D29DE0C64006493F4 /* Model */,
				8CDC6C4429DE0759006493F4 /* View */,
				8CDC6C4529DE075B006493F4 /* ViewModel */,
			);
			path = MainPage;
			sourceTree = "<group>";
		};
		8CDC6C5929DE1BE4006493F4 /* FeaturesPages */ = {
			isa = PBXGroup;
			children = (
				8CDC6C5B29DE1BFC006493F4 /* MedicalHistory */,
				8CDC6C5A29DE1BF3006493F4 /* MedicationTaking */,
				8CDC6C5D29DE1C1B006493F4 /* PharmacyList */,
				8CDC6C5C29DE1C11006493F4 /* TestResults */,
			);
			path = FeaturesPages;
			sourceTree = "<group>";
		};
		8CDC6C5A29DE1BF3006493F4 /* MedicationTaking */ = {
			isa = PBXGroup;
			children = (
				8CE7E4D929E89457004A8312 /* Subscreens */,
				8C1F61A929E7A5D4007DE82B /* Components */,
				8CDC6C7F29DE3269006493F4 /* Model */,
				8CDC6C7E29DE3266006493F4 /* ViewModel */,
				8CDC6C7D29DE3265006493F4 /* View */,
			);
			path = MedicationTaking;
			sourceTree = "<group>";
		};
		8CDC6C5B29DE1BFC006493F4 /* MedicalHistory */ = {
			isa = PBXGroup;
			children = (
				8CE7E4E529E937C7004A8312 /* Subscreens */,
				8CE7E4E429E937C3004A8312 /* Components */,
				8CDC6C7C29DE325F006493F4 /* Model */,
				8CDC6C7A29DE325B006493F4 /* View */,
				8CDC6C7B29DE325D006493F4 /* ViewModel */,
			);
			path = MedicalHistory;
			sourceTree = "<group>";
		};
		8CDC6C5C29DE1C11006493F4 /* TestResults */ = {
			isa = PBXGroup;
			children = (
				8CE7E4DF29E8C82D004A8312 /* Subscreen */,
				8C32E37029DF57A00047A6BB /* Components */,
				8CDC6C7929DE3254006493F4 /* Model */,
				8CDC6C7729DE3250006493F4 /* View */,
				8CDC6C7829DE3251006493F4 /* ViewModel */,
			);
			path = TestResults;
			sourceTree = "<group>";
		};
		8CDC6C5D29DE1C1B006493F4 /* PharmacyList */ = {
			isa = PBXGroup;
			children = (
				8CDC6C7629DE3240006493F4 /* Model */,
				8CDC6C7429DE3229006493F4 /* View */,
				8CDC6C7529DE3232006493F4 /* ViewModel */,
			);
			path = PharmacyList;
			sourceTree = "<group>";
		};
		8CDC6C6A29DE2A3B006493F4 /* UIViewController */ = {
			isa = PBXGroup;
			children = (
				8C32E42929E482260047A6BB /* UIViewController+GoToMainVC.swift */,
				8C87BBCE29D49046008A742D /* UIViewController+InstantiateMethod.swift */,
				8CDC6C6629DE2958006493F4 /* UIViewController+KeyboardHandling.swift */,
				8C87BBF029D51AB3008A742D /* UIViewController+NetworkStatusAware.swift */,
				8CDC6C6829DE29DA006493F4 /* UIViewController+OTPTextFieldHandling.swift */,
				8CDC6C6B29DE2A65006493F4 /* UIViewController+showWarningAlertMethod.swift */,
				8CDC6C7029DE2C01006493F4 /* UIViewController+TextFieldsHandling.swift */,
			);
			path = UIViewController;
			sourceTree = "<group>";
		};
		8CDC6C6D29DE2AA0006493F4 /* UITextField */ = {
			isa = PBXGroup;
			children = (
				8C87BBEE29D4F4E4008A742D /* UITextField+Extensions.swift */,
				8CDC6C7229DE2C7D006493F4 /* UITextField+Toolbar.swift */,
			);
			path = UITextField;
			sourceTree = "<group>";
		};
		8CDC6C6E29DE2AA4006493F4 /* UIButton */ = {
			isa = PBXGroup;
			children = (
				8C87BBCC29D485CB008A742D /* UIButton+Extensions.swift */,
			);
			path = UIButton;
			sourceTree = "<group>";
		};
		8CDC6C6F29DE2AAA006493F4 /* UIView */ = {
			isa = PBXGroup;
			children = (
				8C87BBCA29D48534008A742D /* UIView+Extensions.swift */,
			);
			path = UIView;
			sourceTree = "<group>";
		};
		8CDC6C7429DE3229006493F4 /* View */ = {
			isa = PBXGroup;
			children = (
				8CDC6C6429DE1FB5006493F4 /* PharmacyListViewController.swift */,
			);
			path = View;
			sourceTree = "<group>";
		};
		8CDC6C7529DE3232006493F4 /* ViewModel */ = {
			isa = PBXGroup;
			children = (
				8C32E3EB29E053800047A6BB /* PharmacyListViewModel.swift */,
			);
			path = ViewModel;
			sourceTree = "<group>";
		};
		8CDC6C7629DE3240006493F4 /* Model */ = {
			isa = PBXGroup;
			children = (
				8C32E3D629E04B1F0047A6BB /* PharmaciesList.swift */,
			);
			path = Model;
			sourceTree = "<group>";
		};
		8CDC6C7729DE3250006493F4 /* View */ = {
			isa = PBXGroup;
			children = (
				8CE7E4E029E8C85A004A8312 /* TestResultsDetailed */,
			);
			path = View;
			sourceTree = "<group>";
		};
		8CDC6C7829DE3251006493F4 /* ViewModel */ = {
			isa = PBXGroup;
			children = (
				8CDC6C8C29DE3A19006493F4 /* TestResultsViewModel.swift */,
			);
			path = ViewModel;
			sourceTree = "<group>";
		};
		8CDC6C7929DE3254006493F4 /* Model */ = {
			isa = PBXGroup;
			children = (
				8CDC6C8A29DE3A10006493F4 /* TestResultModel.swift */,
			);
			path = Model;
			sourceTree = "<group>";
		};
		8CDC6C7A29DE325B006493F4 /* View */ = {
			isa = PBXGroup;
			children = (
				8CDC6C6029DE1F87006493F4 /* MedicalHistoryViewController.swift */,
			);
			path = View;
			sourceTree = "<group>";
		};
		8CDC6C7B29DE325D006493F4 /* ViewModel */ = {
			isa = PBXGroup;
			children = (
				8CDC6C8229DE32EC006493F4 /* MedicalHistoryViewModel.swift */,
			);
			path = ViewModel;
			sourceTree = "<group>";
		};
		8CDC6C7C29DE325F006493F4 /* Model */ = {
			isa = PBXGroup;
			children = (
				8CDC6C8029DE32A0006493F4 /* MedicalHistoryModel.swift */,
			);
			path = Model;
			sourceTree = "<group>";
		};
		8CDC6C7D29DE3265006493F4 /* View */ = {
			isa = PBXGroup;
			children = (
				8CDC6C5E29DE1F63006493F4 /* MedicationTakingViewController.swift */,
			);
			path = View;
			sourceTree = "<group>";
		};
		8CDC6C7E29DE3266006493F4 /* ViewModel */ = {
			isa = PBXGroup;
			children = (
				8CDC6C8629DE3325006493F4 /* MedicationTakingViewModel.swift */,
			);
			path = ViewModel;
			sourceTree = "<group>";
		};
		8CDC6C7F29DE3269006493F4 /* Model */ = {
			isa = PBXGroup;
			children = (
				8CDC6C8429DE3306006493F4 /* MedicationTakingModel.swift */,
			);
			path = Model;
			sourceTree = "<group>";
		};
		8CDC6CB429DF50B4006493F4 /* TestResultCell */ = {
			isa = PBXGroup;
			children = (
				8CDC6CB529DF50DC006493F4 /* TestResultCollectionViewCell.swift */,
				8CDC6CB629DF50DC006493F4 /* TestResultCollectionViewCell.xib */,
			);
			path = TestResultCell;
			sourceTree = "<group>";
		};
		8CE7E4D929E89457004A8312 /* Subscreens */ = {
			isa = PBXGroup;
			children = (
				8CE7E4E129E8C866004A8312 /* MedicationTakingDetailed */,
				8C1F61A629E7A3DC007DE82B /* AddMedicationTaking */,
			);
			path = Subscreens;
			sourceTree = "<group>";
		};
		8CE7E4DA29E8945F004A8312 /* Cell */ = {
			isa = PBXGroup;
			children = (
				8CE7E4DB29E8947A004A8312 /* MedicationTakingCell.swift */,
				8CE7E4DC29E8947A004A8312 /* MedicationTakingCell.xib */,
			);
			path = Cell;
			sourceTree = "<group>";
		};
		8CE7E4DF29E8C82D004A8312 /* Subscreen */ = {
			isa = PBXGroup;
			children = (
				8C32E37129DF57C20047A6BB /* TestResultDetailedVC.swift */,
			);
			path = Subscreen;
			sourceTree = "<group>";
		};
		8CE7E4E029E8C85A004A8312 /* TestResultsDetailed */ = {
			isa = PBXGroup;
			children = (
				8CDC6C6229DE1F9E006493F4 /* TestResultsViewController.swift */,
			);
			path = TestResultsDetailed;
			sourceTree = "<group>";
		};
		8CE7E4E129E8C866004A8312 /* MedicationTakingDetailed */ = {
			isa = PBXGroup;
			children = (
				8CE7E4E229E8C877004A8312 /* MedicationTakingDetailedViewController.swift */,
			);
			path = MedicationTakingDetailed;
			sourceTree = "<group>";
		};
		8CE7E4E429E937C3004A8312 /* Components */ = {
			isa = PBXGroup;
			children = (
				8CE7E4F029E93908004A8312 /* Cell */,
			);
			path = Components;
			sourceTree = "<group>";
		};
		8CE7E4E529E937C7004A8312 /* Subscreens */ = {
			isa = PBXGroup;
			children = (
				8CE7E4ED29E938B3004A8312 /* MedicalHistoryDetailed */,
				8CE7E4E629E9384F004A8312 /* AddMedicalHistoryNote */,
			);
			path = Subscreens;
			sourceTree = "<group>";
		};
		8CE7E4E629E9384F004A8312 /* AddMedicalHistoryNote */ = {
			isa = PBXGroup;
			children = (
				8CE7E4EA29E93883004A8312 /* ViewModel */,
				8CE7E4E929E93881004A8312 /* View */,
			);
			path = AddMedicalHistoryNote;
			sourceTree = "<group>";
		};
		8CE7E4E929E93881004A8312 /* View */ = {
			isa = PBXGroup;
			children = (
				8CE7E4E729E9385F004A8312 /* AddMedicalHistoryNoteViewController.swift */,
			);
			path = View;
			sourceTree = "<group>";
		};
		8CE7E4EA29E93883004A8312 /* ViewModel */ = {
			isa = PBXGroup;
			children = (
				8CE7E4EB29E93893004A8312 /* AddMedicalHistoryViewModel.swift */,
			);
			path = ViewModel;
			sourceTree = "<group>";
		};
		8CE7E4ED29E938B3004A8312 /* MedicalHistoryDetailed */ = {
			isa = PBXGroup;
			children = (
				8CE7E4EE29E938C3004A8312 /* MedicalHistoryDetailedViewController.swift */,
			);
			path = MedicalHistoryDetailed;
			sourceTree = "<group>";
		};
		8CE7E4F029E93908004A8312 /* Cell */ = {
			isa = PBXGroup;
			children = (
				8CE7E4F229E93920004A8312 /* MedicalHistoryCollectionViewCell.swift */,
				8CE7E4F329E93920004A8312 /* MedicalHistoryCollectionViewCell.xib */,
			);
			path = Cell;
			sourceTree = "<group>";
		};
		8CEE873129D88C1A00275CCE /* ViewModels */ = {
			isa = PBXGroup;
			children = (
				8C87BBE529D4D08B008A742D /* NetworkStatusViewModel */,
			);
			path = ViewModels;
			sourceTree = "<group>";
		};
		8CEE873B29D8A8F300275CCE /* TabBarController */ = {
			isa = PBXGroup;
			children = (
				8CEE873C29D8A90100275CCE /* MainTabBarController.swift */,
			);
			path = TabBarController;
			sourceTree = "<group>";
		};
		8CEE873E29D8A91800275CCE /* MainPage */ = {
			isa = PBXGroup;
			children = (
				8CDC6C5929DE1BE4006493F4 /* FeaturesPages */,
				8CDC6C5829DE1BA5006493F4 /* MainPage */,
			);
			path = MainPage;
			sourceTree = "<group>";
		};
		8CEE874029D8A92D00275CCE /* InfoPage */ = {
			isa = PBXGroup;
			children = (
				8C32E37529DF6EE90047A6BB /* Model */,
				8C32E37429DF6EE70047A6BB /* View */,
				8C32E37629DF6EEC0047A6BB /* ViewModel */,
			);
			path = InfoPage;
			sourceTree = "<group>";
		};
		8CEE874129D8A93100275CCE /* SettingsPage */ = {
			isa = PBXGroup;
			children = (
				8C8A16E829E4D75A00ED7FDC /* Components */,
				8C32E42E29E49EDD0047A6BB /* Model */,
				8C32E3F029E1EC560047A6BB /* View */,
				8C32E3F129E1EC590047A6BB /* ViewModel */,
			);
			path = SettingsPage;
			sourceTree = "<group>";
		};
		EC1EE525441F4BB44AEB7C16 /* Pods */ = {
			isa = PBXGroup;
			children = (
				499707BF9C1392B38F493554 /* Pods-MEDHealth.debug.xcconfig */,
				97AFC030A5DB320B2F819D06 /* Pods-MEDHealth.release.xcconfig */,
			);
			path = Pods;
			sourceTree = "<group>";
		};
		F9C771C8E541C1E72B183CE6 /* Frameworks */ = {
			isa = PBXGroup;
			children = (
				C2BFBDBDC616430B9366C65F /* Pods_MEDHealth.framework */,
			);
			name = Frameworks;
			sourceTree = "<group>";
		};
/* End PBXGroup section */

/* Begin PBXNativeTarget section */
		8C5B49C429D0F63600915A6C /* MEDHealth */ = {
			isa = PBXNativeTarget;
			buildConfigurationList = 8C5B49D929D0F63800915A6C /* Build configuration list for PBXNativeTarget "MEDHealth" */;
			buildPhases = (
				AFDF29A79984AA61F821BA3A /* [CP] Check Pods Manifest.lock */,
				8C5B49C129D0F63600915A6C /* Sources */,
				8C5B49C329D0F63600915A6C /* Resources */,
				4947F9F0AC3C11940AC8A302 /* Frameworks */,
				C00CC1DB37E7C512F0628E05 /* [CP] Embed Pods Frameworks */,
			);
			buildRules = (
			);
			dependencies = (
			);
			name = MEDHealth;
			productName = MEDCheck;
			productReference = 8C5B49C529D0F63600915A6C /* MEDHealth.app */;
			productType = "com.apple.product-type.application";
		};
/* End PBXNativeTarget section */

/* Begin PBXProject section */
		8C5B49BD29D0F63600915A6C /* Project object */ = {
			isa = PBXProject;
			attributes = {
				BuildIndependentTargetsInParallel = 1;
				LastSwiftUpdateCheck = 1420;
				LastUpgradeCheck = 1420;
				TargetAttributes = {
					8C5B49C429D0F63600915A6C = {
						CreatedOnToolsVersion = 14.2;
					};
				};
			};
			buildConfigurationList = 8C5B49C029D0F63600915A6C /* Build configuration list for PBXProject "MEDHealth" */;
			compatibilityVersion = "Xcode 14.0";
			developmentRegion = ru;
			hasScannedForEncodings = 0;
			knownRegions = (
				Base,
				ru,
				"ky-KG",
				en,
			);
			mainGroup = 8C5B49BC29D0F63600915A6C;
			productRefGroup = 8C5B49C629D0F63600915A6C /* Products */;
			projectDirPath = "";
			projectRoot = "";
			targets = (
				8C5B49C429D0F63600915A6C /* MEDHealth */,
			);
		};
/* End PBXProject section */

/* Begin PBXResourcesBuildPhase section */
		8C5B49C329D0F63600915A6C /* Resources */ = {
			isa = PBXResourcesBuildPhase;
			buildActionMask = 2147483647;
			files = (
				8CDC6CB829DF50DC006493F4 /* TestResultCollectionViewCell.xib in Resources */,
				8C87BC0429D77BBD008A742D /* OnboardingCollectionViewCell.xib in Resources */,
				8CB37BD429E6296D002DAB59 /* Localizable.strings in Resources */,
				8CE7E4F529E93920004A8312 /* MedicalHistoryCollectionViewCell.xib in Resources */,
				8CDC6C4C29DE081C006493F4 /* FeatureCollectionViewCell.xib in Resources */,
				8CE7E4DE29E8947A004A8312 /* MedicationTakingCell.xib in Resources */,
				8C5B49E129D1099600915A6C /* Raleway-VariableFont_wght.ttf in Resources */,
				8C5B49D529D0F63800915A6C /* LaunchScreen.storyboard in Resources */,
				8C32E37F29DF6F590047A6BB /* SocialMediaLinksTableViewCell.xib in Resources */,
				8C5B49D229D0F63800915A6C /* Assets.xcassets in Resources */,
				8C5B49D029D0F63600915A6C /* Main.storyboard in Resources */,
				8C5B49E029D1099600915A6C /* Raleway-Italic-VariableFont_wght.ttf in Resources */,
				8CC8D6DA29DA4A0C00DD1E1D /* GoogleService-Info.plist in Resources */,
			);
			runOnlyForDeploymentPostprocessing = 0;
		};
/* End PBXResourcesBuildPhase section */

/* Begin PBXShellScriptBuildPhase section */
		AFDF29A79984AA61F821BA3A /* [CP] Check Pods Manifest.lock */ = {
			isa = PBXShellScriptBuildPhase;
			buildActionMask = 2147483647;
			files = (
			);
			inputFileListPaths = (
			);
			inputPaths = (
				"${PODS_PODFILE_DIR_PATH}/Podfile.lock",
				"${PODS_ROOT}/Manifest.lock",
			);
			name = "[CP] Check Pods Manifest.lock";
			outputFileListPaths = (
			);
			outputPaths = (
				"$(DERIVED_FILE_DIR)/Pods-MEDHealth-checkManifestLockResult.txt",
			);
			runOnlyForDeploymentPostprocessing = 0;
			shellPath = /bin/sh;
			shellScript = "diff \"${PODS_PODFILE_DIR_PATH}/Podfile.lock\" \"${PODS_ROOT}/Manifest.lock\" > /dev/null\nif [ $? != 0 ] ; then\n    # print error to STDERR\n    echo \"error: The sandbox is not in sync with the Podfile.lock. Run 'pod install' or update your CocoaPods installation.\" >&2\n    exit 1\nfi\n# This output is used by Xcode 'outputs' to avoid re-running this script phase.\necho \"SUCCESS\" > \"${SCRIPT_OUTPUT_FILE_0}\"\n";
			showEnvVarsInLog = 0;
		};
		C00CC1DB37E7C512F0628E05 /* [CP] Embed Pods Frameworks */ = {
			isa = PBXShellScriptBuildPhase;
			buildActionMask = 2147483647;
			files = (
			);
			inputFileListPaths = (
				"${PODS_ROOT}/Target Support Files/Pods-MEDHealth/Pods-MEDHealth-frameworks-${CONFIGURATION}-input-files.xcfilelist",
			);
			name = "[CP] Embed Pods Frameworks";
			outputFileListPaths = (
				"${PODS_ROOT}/Target Support Files/Pods-MEDHealth/Pods-MEDHealth-frameworks-${CONFIGURATION}-output-files.xcfilelist",
			);
			runOnlyForDeploymentPostprocessing = 0;
			shellPath = /bin/sh;
			shellScript = "\"${PODS_ROOT}/Target Support Files/Pods-MEDHealth/Pods-MEDHealth-frameworks.sh\"\n";
			showEnvVarsInLog = 0;
		};
/* End PBXShellScriptBuildPhase section */

/* Begin PBXSourcesBuildPhase section */
		8C5B49C129D0F63600915A6C /* Sources */ = {
			isa = PBXSourcesBuildPhase;
			buildActionMask = 2147483647;
			files = (
				8CDC6C7329DE2C7D006493F4 /* UITextField+Toolbar.swift in Sources */,
				8CDC6C6729DE2958006493F4 /* UIViewController+KeyboardHandling.swift in Sources */,
				8C32E38229DF73C80047A6BB /* SocialMediaLinksViewModel.swift in Sources */,
				8CDC6C5729DE0EAD006493F4 /* MainPageViewModel.swift in Sources */,
				8C87BBEF29D4F4E4008A742D /* UITextField+Extensions.swift in Sources */,
				8CDC6C6129DE1F87006493F4 /* MedicalHistoryViewController.swift in Sources */,
				8CC8D6D829DA449100DD1E1D /* AuthManager.swift in Sources */,
				8C32E3EC29E053800047A6BB /* PharmacyListViewModel.swift in Sources */,
				8CDC6C4B29DE081C006493F4 /* FeatureCollectionViewCell.swift in Sources */,
				8CEE873D29D8A90100275CCE /* MainTabBarController.swift in Sources */,
				8C32E40129E2473A0047A6BB /* ResetPasswordViewModel.swift in Sources */,
				8CDC6C8129DE32A0006493F4 /* MedicalHistoryModel.swift in Sources */,
				8C87BBD829D4978E008A742D /* NoInternetConnectionViewController.swift in Sources */,
				8C87BC0229D777D9008A742D /* OnboardingCollectionViewCell.swift in Sources */,
				8C32E40529E24DC90047A6BB /* SignUpViewModel.swift in Sources */,
				8C8A16F129E4D79900ED7FDC /* ProfilePageViewModel.swift in Sources */,
				8CDC6C8D29DE3A19006493F4 /* TestResultsViewModel.swift in Sources */,
				8C32E3FD29E2437B0047A6BB /* FirebaseDatabaseManager.swift in Sources */,
				8CDC6C6529DE1FB5006493F4 /* PharmacyListViewController.swift in Sources */,
				8C32E39529DF922D0047A6BB /* AboutAppViewController.swift in Sources */,
				8CDC6C6C29DE2A65006493F4 /* UIViewController+showWarningAlertMethod.swift in Sources */,
				8C1F61B229E83DC4007DE82B /* DateManager.swift in Sources */,
				8CDC6C7129DE2C01006493F4 /* UIViewController+TextFieldsHandling.swift in Sources */,
				8C87BBE729D4D096008A742D /* NetworkStatusViewModel.swift in Sources */,
				8CEE874329D8A93A00275CCE /* SettingsViewController.swift in Sources */,
				8CDC6C5F29DE1F63006493F4 /* MedicationTakingViewController.swift in Sources */,
				8C1F61AD29E7B086007DE82B /* AddMedicationTakingViewModel.swift in Sources */,
				8C3118D329D87E1D00C53B46 /* ResetPasswordViewController.swift in Sources */,
				8C87BBFF29D774E4008A742D /* OnboardingSlide.swift in Sources */,
				8CE7E4F429E93920004A8312 /* MedicalHistoryCollectionViewCell.swift in Sources */,
				8C32E42A29E482260047A6BB /* UIViewController+GoToMainVC.swift in Sources */,
				8C32E3D729E04B1F0047A6BB /* PharmaciesList.swift in Sources */,
				8C87BBED29D4EF8B008A742D /* UserDefaultsManager.swift in Sources */,
				8CDC6C8329DE32EC006493F4 /* MedicalHistoryViewModel.swift in Sources */,
				8C32E37229DF57C20047A6BB /* TestResultDetailedVC.swift in Sources */,
				8CE7E4EC29E93893004A8312 /* AddMedicalHistoryViewModel.swift in Sources */,
				8C3118D029D866AF00C53B46 /* SignUpViewController.swift in Sources */,
				8C87BBF729D5229A008A742D /* OnboardingViewController.swift in Sources */,
				8C32E3F329E1EC600047A6BB /* SettingsViewModel.swift in Sources */,
				8C5B49CD29D0F63600915A6C /* SignInViewController.swift in Sources */,
				8CB37BC829E61810002DAB59 /* LocalizationPageViewModel.swift in Sources */,
				8CDC6CB729DF50DC006493F4 /* TestResultCollectionViewCell.swift in Sources */,
				8C32E43029E49EE50047A6BB /* SettingsModel.swift in Sources */,
				8C32E38729DF7A680047A6BB /* InfoViewModel.swift in Sources */,
				8C8A16F529E5CC6600ED7FDC /* LocalizationSettingViewController.swift in Sources */,
				8C32E38F29DF85D70047A6BB /* InfoCellModel.swift in Sources */,
				8C32E38D29DF84830047A6BB /* SafariOpener.swift in Sources */,
				8C8A16EF29E4D78300ED7FDC /* ProfilePageViewController.swift in Sources */,
				8C32E3F729E230620047A6BB /* SignInViewModel.swift in Sources */,
				8C87BBF129D51AB3008A742D /* UIViewController+NetworkStatusAware.swift in Sources */,
				8CE7E4DD29E8947A004A8312 /* MedicationTakingCell.swift in Sources */,
				8C87BBE329D4D01E008A742D /* NetworkManager.swift in Sources */,
				8C87BBEA29D4DA12008A742D /* NoInternetConnectionViewModel.swift in Sources */,
				8CDC6C6329DE1F9E006493F4 /* TestResultsViewController.swift in Sources */,
				8CE7E4E329E8C877004A8312 /* MedicationTakingDetailedViewController.swift in Sources */,
				8CDC6C6929DE29DA006493F4 /* UIViewController+OTPTextFieldHandling.swift in Sources */,
				8C1F61B629E87192007DE82B /* NoDataContainerView.swift in Sources */,
				8C5B49C929D0F63600915A6C /* AppDelegate.swift in Sources */,
				8CDC6C8529DE3306006493F4 /* MedicationTakingModel.swift in Sources */,
				8C87BC0729D78EB0008A742D /* OnboardingViewModel.swift in Sources */,
				8C32E37E29DF6F580047A6BB /* SocialMediaLinksTableViewCell.swift in Sources */,
				8CB37BCB29E61898002DAB59 /* LocalizationOptions.swift in Sources */,
				8CEE874929D8A98800275CCE /* MainPageViewController.swift in Sources */,
				8CDC6C5529DE0D43006493F4 /* Feature.swift in Sources */,
				8C1F61A829E7A3EE007DE82B /* AddMedicationTakingViewController.swift in Sources */,
				8C87BBCF29D49046008A742D /* UIViewController+InstantiateMethod.swift in Sources */,
				8CE7E4EF29E938C3004A8312 /* MedicalHistoryDetailedViewController.swift in Sources */,
				8CDC6C8729DE3325006493F4 /* MedicationTakingViewModel.swift in Sources */,
				8CB37BD129E628BB002DAB59 /* String + Localized.swift in Sources */,
				8C8A16E329E4BD8900ED7FDC /* FirebaseStorageManager.swift in Sources */,
				8C8A16E629E4CA3B00ED7FDC /* UserDataKeys.swift in Sources */,
				8C87BBCB29D48534008A742D /* UIView+Extensions.swift in Sources */,
				8C5B49CB29D0F63600915A6C /* SceneDelegate.swift in Sources */,
				8CDC6C8B29DE3A10006493F4 /* TestResultModel.swift in Sources */,
				8CEE874529D8A96100275CCE /* InfoViewController.swift in Sources */,
				8C87BBCD29D485CB008A742D /* UIButton+Extensions.swift in Sources */,
				8CE7E4E829E9385F004A8312 /* AddMedicalHistoryNoteViewController.swift in Sources */,
			);
			runOnlyForDeploymentPostprocessing = 0;
		};
/* End PBXSourcesBuildPhase section */

/* Begin PBXVariantGroup section */
		8C5B49CE29D0F63600915A6C /* Main.storyboard */ = {
			isa = PBXVariantGroup;
			children = (
				8C5B49CF29D0F63600915A6C /* Base */,
				8CB37BCC29E6239A002DAB59 /* ru */,
				8CB37BCD29E6240A002DAB59 /* ky-KG */,
				8CB37BD929E62D60002DAB59 /* en */,
			);
			name = Main.storyboard;
			sourceTree = "<group>";
		};
		8C5B49D329D0F63800915A6C /* LaunchScreen.storyboard */ = {
			isa = PBXVariantGroup;
			children = (
				8C5B49D429D0F63800915A6C /* Base */,
			);
			name = LaunchScreen.storyboard;
			sourceTree = "<group>";
		};
		8CB37BD629E6296D002DAB59 /* Localizable.strings */ = {
			isa = PBXVariantGroup;
			children = (
				8CB37BD529E6296D002DAB59 /* en */,
				8CB37BD729E62971002DAB59 /* ru */,
				8CB37BD829E62972002DAB59 /* ky-KG */,
			);
			name = Localizable.strings;
			sourceTree = "<group>";
		};
/* End PBXVariantGroup section */

/* Begin XCBuildConfiguration section */
		8C5B49D729D0F63800915A6C /* Debug */ = {
			isa = XCBuildConfiguration;
			buildSettings = {
				ALWAYS_SEARCH_USER_PATHS = NO;
				CLANG_ANALYZER_LOCALIZABILITY_NONLOCALIZED = YES;
				CLANG_ANALYZER_NONNULL = YES;
				CLANG_ANALYZER_NUMBER_OBJECT_CONVERSION = YES_AGGRESSIVE;
				CLANG_CXX_LANGUAGE_STANDARD = "gnu++20";
				CLANG_ENABLE_MODULES = YES;
				CLANG_ENABLE_OBJC_ARC = YES;
				CLANG_ENABLE_OBJC_WEAK = YES;
				CLANG_WARN_BLOCK_CAPTURE_AUTORELEASING = YES;
				CLANG_WARN_BOOL_CONVERSION = YES;
				CLANG_WARN_COMMA = YES;
				CLANG_WARN_CONSTANT_CONVERSION = YES;
				CLANG_WARN_DEPRECATED_OBJC_IMPLEMENTATIONS = YES;
				CLANG_WARN_DIRECT_OBJC_ISA_USAGE = YES_ERROR;
				CLANG_WARN_DOCUMENTATION_COMMENTS = YES;
				CLANG_WARN_EMPTY_BODY = YES;
				CLANG_WARN_ENUM_CONVERSION = YES;
				CLANG_WARN_INFINITE_RECURSION = YES;
				CLANG_WARN_INT_CONVERSION = YES;
				CLANG_WARN_NON_LITERAL_NULL_CONVERSION = YES;
				CLANG_WARN_OBJC_IMPLICIT_RETAIN_SELF = YES;
				CLANG_WARN_OBJC_LITERAL_CONVERSION = YES;
				CLANG_WARN_OBJC_ROOT_CLASS = YES_ERROR;
				CLANG_WARN_QUOTED_INCLUDE_IN_FRAMEWORK_HEADER = YES;
				CLANG_WARN_RANGE_LOOP_ANALYSIS = YES;
				CLANG_WARN_STRICT_PROTOTYPES = YES;
				CLANG_WARN_SUSPICIOUS_MOVE = YES;
				CLANG_WARN_UNGUARDED_AVAILABILITY = YES_AGGRESSIVE;
				CLANG_WARN_UNREACHABLE_CODE = YES;
				CLANG_WARN__DUPLICATE_METHOD_MATCH = YES;
				COPY_PHASE_STRIP = NO;
				DEBUG_INFORMATION_FORMAT = dwarf;
				ENABLE_STRICT_OBJC_MSGSEND = YES;
				ENABLE_TESTABILITY = YES;
				GCC_C_LANGUAGE_STANDARD = gnu11;
				GCC_DYNAMIC_NO_PIC = NO;
				GCC_NO_COMMON_BLOCKS = YES;
				GCC_OPTIMIZATION_LEVEL = 0;
				GCC_PREPROCESSOR_DEFINITIONS = (
					"DEBUG=1",
					"$(inherited)",
				);
				GCC_WARN_64_TO_32_BIT_CONVERSION = YES;
				GCC_WARN_ABOUT_RETURN_TYPE = YES_ERROR;
				GCC_WARN_UNDECLARED_SELECTOR = YES;
				GCC_WARN_UNINITIALIZED_AUTOS = YES_AGGRESSIVE;
				GCC_WARN_UNUSED_FUNCTION = YES;
				GCC_WARN_UNUSED_VARIABLE = YES;
				INFOPLIST_KEY_UIUserInterfaceStyle = Light;
				"INFOPLIST_KEY_UIUserInterfaceStyle[sdk=*]" = Light;
				IPHONEOS_DEPLOYMENT_TARGET = 16.2;
				MTL_ENABLE_DEBUG_INFO = INCLUDE_SOURCE;
				MTL_FAST_MATH = YES;
				ONLY_ACTIVE_ARCH = YES;
				SDKROOT = iphoneos;
				SWIFT_ACTIVE_COMPILATION_CONDITIONS = DEBUG;
				SWIFT_OPTIMIZATION_LEVEL = "-Onone";
			};
			name = Debug;
		};
		8C5B49D829D0F63800915A6C /* Release */ = {
			isa = XCBuildConfiguration;
			buildSettings = {
				ALWAYS_SEARCH_USER_PATHS = NO;
				CLANG_ANALYZER_LOCALIZABILITY_NONLOCALIZED = YES;
				CLANG_ANALYZER_NONNULL = YES;
				CLANG_ANALYZER_NUMBER_OBJECT_CONVERSION = YES_AGGRESSIVE;
				CLANG_CXX_LANGUAGE_STANDARD = "gnu++20";
				CLANG_ENABLE_MODULES = YES;
				CLANG_ENABLE_OBJC_ARC = YES;
				CLANG_ENABLE_OBJC_WEAK = YES;
				CLANG_WARN_BLOCK_CAPTURE_AUTORELEASING = YES;
				CLANG_WARN_BOOL_CONVERSION = YES;
				CLANG_WARN_COMMA = YES;
				CLANG_WARN_CONSTANT_CONVERSION = YES;
				CLANG_WARN_DEPRECATED_OBJC_IMPLEMENTATIONS = YES;
				CLANG_WARN_DIRECT_OBJC_ISA_USAGE = YES_ERROR;
				CLANG_WARN_DOCUMENTATION_COMMENTS = YES;
				CLANG_WARN_EMPTY_BODY = YES;
				CLANG_WARN_ENUM_CONVERSION = YES;
				CLANG_WARN_INFINITE_RECURSION = YES;
				CLANG_WARN_INT_CONVERSION = YES;
				CLANG_WARN_NON_LITERAL_NULL_CONVERSION = YES;
				CLANG_WARN_OBJC_IMPLICIT_RETAIN_SELF = YES;
				CLANG_WARN_OBJC_LITERAL_CONVERSION = YES;
				CLANG_WARN_OBJC_ROOT_CLASS = YES_ERROR;
				CLANG_WARN_QUOTED_INCLUDE_IN_FRAMEWORK_HEADER = YES;
				CLANG_WARN_RANGE_LOOP_ANALYSIS = YES;
				CLANG_WARN_STRICT_PROTOTYPES = YES;
				CLANG_WARN_SUSPICIOUS_MOVE = YES;
				CLANG_WARN_UNGUARDED_AVAILABILITY = YES_AGGRESSIVE;
				CLANG_WARN_UNREACHABLE_CODE = YES;
				CLANG_WARN__DUPLICATE_METHOD_MATCH = YES;
				COPY_PHASE_STRIP = NO;
				DEBUG_INFORMATION_FORMAT = "dwarf-with-dsym";
				ENABLE_NS_ASSERTIONS = NO;
				ENABLE_STRICT_OBJC_MSGSEND = YES;
				GCC_C_LANGUAGE_STANDARD = gnu11;
				GCC_NO_COMMON_BLOCKS = YES;
				GCC_WARN_64_TO_32_BIT_CONVERSION = YES;
				GCC_WARN_ABOUT_RETURN_TYPE = YES_ERROR;
				GCC_WARN_UNDECLARED_SELECTOR = YES;
				GCC_WARN_UNINITIALIZED_AUTOS = YES_AGGRESSIVE;
				GCC_WARN_UNUSED_FUNCTION = YES;
				GCC_WARN_UNUSED_VARIABLE = YES;
				INFOPLIST_KEY_UIUserInterfaceStyle = Light;
				"INFOPLIST_KEY_UIUserInterfaceStyle[sdk=*]" = Light;
				IPHONEOS_DEPLOYMENT_TARGET = 16.2;
				MTL_ENABLE_DEBUG_INFO = NO;
				MTL_FAST_MATH = YES;
				SDKROOT = iphoneos;
				SWIFT_COMPILATION_MODE = wholemodule;
				SWIFT_OPTIMIZATION_LEVEL = "-O";
				VALIDATE_PRODUCT = YES;
			};
			name = Release;
		};
		8C5B49DA29D0F63800915A6C /* Debug */ = {
			isa = XCBuildConfiguration;
			baseConfigurationReference = 499707BF9C1392B38F493554 /* Pods-MEDHealth.debug.xcconfig */;
			buildSettings = {
				ASSETCATALOG_COMPILER_APPICON_NAME = AppIcon;
				ASSETCATALOG_COMPILER_GLOBAL_ACCENT_COLOR_NAME = AccentColor;
				CODE_SIGN_STYLE = Automatic;
				CURRENT_PROJECT_VERSION = 1;
				DEVELOPMENT_TEAM = 2NHD6297F2;
				GENERATE_INFOPLIST_FILE = YES;
				INFOPLIST_FILE = MEDHealth/Resources/Info.plist;
				INFOPLIST_KEY_UIApplicationSupportsIndirectInputEvents = YES;
				INFOPLIST_KEY_UILaunchStoryboardName = LaunchScreen;
				INFOPLIST_KEY_UIMainStoryboardFile = Main;
				INFOPLIST_KEY_UISupportedInterfaceOrientations = UIInterfaceOrientationPortrait;
				INFOPLIST_KEY_UISupportedInterfaceOrientations_iPad = "UIInterfaceOrientationLandscapeLeft UIInterfaceOrientationLandscapeRight UIInterfaceOrientationPortrait UIInterfaceOrientationPortraitUpsideDown";
				INFOPLIST_KEY_UIUserInterfaceStyle = Light;
				IPHONEOS_DEPLOYMENT_TARGET = 16.0;
				LD_RUNPATH_SEARCH_PATHS = (
					"$(inherited)",
					"@executable_path/Frameworks",
				);
				MARKETING_VERSION = 1.0;
				PRODUCT_BUNDLE_IDENTIFIER = ibaika.MEDHealth;
				PRODUCT_NAME = "$(TARGET_NAME)";
				SUPPORTED_PLATFORMS = "iphoneos iphonesimulator";
				SUPPORTS_MACCATALYST = NO;
				SUPPORTS_MAC_DESIGNED_FOR_IPHONE_IPAD = NO;
				SWIFT_EMIT_LOC_STRINGS = YES;
				SWIFT_VERSION = 5.0;
				TARGETED_DEVICE_FAMILY = 1;
			};
			name = Debug;
		};
		8C5B49DB29D0F63800915A6C /* Release */ = {
			isa = XCBuildConfiguration;
			baseConfigurationReference = 97AFC030A5DB320B2F819D06 /* Pods-MEDHealth.release.xcconfig */;
			buildSettings = {
				ASSETCATALOG_COMPILER_APPICON_NAME = AppIcon;
				ASSETCATALOG_COMPILER_GLOBAL_ACCENT_COLOR_NAME = AccentColor;
				CODE_SIGN_STYLE = Automatic;
				CURRENT_PROJECT_VERSION = 1;
				DEVELOPMENT_TEAM = 2NHD6297F2;
				GENERATE_INFOPLIST_FILE = YES;
				INFOPLIST_FILE = MEDHealth/Resources/Info.plist;
				INFOPLIST_KEY_UIApplicationSupportsIndirectInputEvents = YES;
				INFOPLIST_KEY_UILaunchStoryboardName = LaunchScreen;
				INFOPLIST_KEY_UIMainStoryboardFile = Main;
				INFOPLIST_KEY_UISupportedInterfaceOrientations = UIInterfaceOrientationPortrait;
				INFOPLIST_KEY_UISupportedInterfaceOrientations_iPad = "UIInterfaceOrientationLandscapeLeft UIInterfaceOrientationLandscapeRight UIInterfaceOrientationPortrait UIInterfaceOrientationPortraitUpsideDown";
				INFOPLIST_KEY_UIUserInterfaceStyle = Light;
				IPHONEOS_DEPLOYMENT_TARGET = 16.0;
				LD_RUNPATH_SEARCH_PATHS = (
					"$(inherited)",
					"@executable_path/Frameworks",
				);
				MARKETING_VERSION = 1.0;
				PRODUCT_BUNDLE_IDENTIFIER = ibaika.MEDHealth;
				PRODUCT_NAME = "$(TARGET_NAME)";
				SUPPORTED_PLATFORMS = "iphoneos iphonesimulator";
				SUPPORTS_MACCATALYST = NO;
				SUPPORTS_MAC_DESIGNED_FOR_IPHONE_IPAD = NO;
				SWIFT_EMIT_LOC_STRINGS = YES;
				SWIFT_VERSION = 5.0;
				TARGETED_DEVICE_FAMILY = 1;
			};
			name = Release;
		};
/* End XCBuildConfiguration section */

/* Begin XCConfigurationList section */
		8C5B49C029D0F63600915A6C /* Build configuration list for PBXProject "MEDHealth" */ = {
			isa = XCConfigurationList;
			buildConfigurations = (
				8C5B49D729D0F63800915A6C /* Debug */,
				8C5B49D829D0F63800915A6C /* Release */,
			);
			defaultConfigurationIsVisible = 0;
			defaultConfigurationName = Release;
		};
		8C5B49D929D0F63800915A6C /* Build configuration list for PBXNativeTarget "MEDHealth" */ = {
			isa = XCConfigurationList;
			buildConfigurations = (
				8C5B49DA29D0F63800915A6C /* Debug */,
				8C5B49DB29D0F63800915A6C /* Release */,
			);
			defaultConfigurationIsVisible = 0;
			defaultConfigurationName = Release;
		};
/* End XCConfigurationList section */
	};
	rootObject = 8C5B49BD29D0F63600915A6C /* Project object */;
}
